// !$*UTF8*$!
{
	archiveVersion = 1;
	classes = {
	};
	objectVersion = 48;
	objects = {

/* Begin PBXBuildFile section */
		244C6C2C20242EC800778B71 /* PSParser.m in Sources */ = {isa = PBXBuildFile; fileRef = 244C6C2B20242EC800778B71 /* PSParser.m */; };
		244C6C2F202430AA00778B71 /* PSSyntaxNode.m in Sources */ = {isa = PBXBuildFile; fileRef = 244C6C2E202430AA00778B71 /* PSSyntaxNode.m */; };
		244C6C32202432EC00778B71 /* PSSyntaxNodeAlgorithm.m in Sources */ = {isa = PBXBuildFile; fileRef = 244C6C31202432EC00778B71 /* PSSyntaxNodeAlgorithm.m */; };
		244C6C352024412900778B71 /* NSMutableArray+Queue.m in Sources */ = {isa = PBXBuildFile; fileRef = 244C6C342024412900778B71 /* NSMutableArray+Queue.m */; };
		244C6C38202464F600778B71 /* PSSyntaxNodeProgram.m in Sources */ = {isa = PBXBuildFile; fileRef = 244C6C37202464F600778B71 /* PSSyntaxNodeProgram.m */; };
		244C6C4020246DDF00778B71 /* PSSyntaxNodeReturn.m in Sources */ = {isa = PBXBuildFile; fileRef = 244C6C3F20246DDF00778B71 /* PSSyntaxNodeReturn.m */; };
		2470EFD42023A2B800AE9CD8 /* main.m in Sources */ = {isa = PBXBuildFile; fileRef = 2470EFD32023A2B800AE9CD8 /* main.m */; };
		2470EFDC2023A49500AE9CD8 /* PSLexer.m in Sources */ = {isa = PBXBuildFile; fileRef = 2470EFDB2023A49500AE9CD8 /* PSLexer.m */; };
		2470EFDF2023A79900AE9CD8 /* PSToken.m in Sources */ = {isa = PBXBuildFile; fileRef = 2470EFDE2023A79900AE9CD8 /* PSToken.m */; };
/* End PBXBuildFile section */

/* Begin PBXCopyFilesBuildPhase section */
		2470EFCE2023A2B800AE9CD8 /* CopyFiles */ = {
			isa = PBXCopyFilesBuildPhase;
			buildActionMask = 2147483647;
			dstPath = /usr/share/man/man1/;
			dstSubfolderSpec = 0;
			files = (
			);
			runOnlyForDeploymentPostprocessing = 1;
		};
/* End PBXCopyFilesBuildPhase section */

/* Begin PBXFileReference section */
		244C6C2A20242EC800778B71 /* PSParser.h */ = {isa = PBXFileReference; lastKnownFileType = sourcecode.c.h; path = PSParser.h; sourceTree = "<group>"; };
		244C6C2B20242EC800778B71 /* PSParser.m */ = {isa = PBXFileReference; lastKnownFileType = sourcecode.c.objc; path = PSParser.m; sourceTree = "<group>"; };
		244C6C2D202430AA00778B71 /* PSSyntaxNode.h */ = {isa = PBXFileReference; lastKnownFileType = sourcecode.c.h; path = PSSyntaxNode.h; sourceTree = "<group>"; };
		244C6C2E202430AA00778B71 /* PSSyntaxNode.m */ = {isa = PBXFileReference; lastKnownFileType = sourcecode.c.objc; path = PSSyntaxNode.m; sourceTree = "<group>"; };
		244C6C30202432EC00778B71 /* PSSyntaxNodeAlgorithm.h */ = {isa = PBXFileReference; lastKnownFileType = sourcecode.c.h; path = PSSyntaxNodeAlgorithm.h; sourceTree = "<group>"; };
		244C6C31202432EC00778B71 /* PSSyntaxNodeAlgorithm.m */ = {isa = PBXFileReference; lastKnownFileType = sourcecode.c.objc; path = PSSyntaxNodeAlgorithm.m; sourceTree = "<group>"; };
		244C6C332024412900778B71 /* NSMutableArray+Queue.h */ = {isa = PBXFileReference; lastKnownFileType = sourcecode.c.h; path = "NSMutableArray+Queue.h"; sourceTree = "<group>"; };
		244C6C342024412900778B71 /* NSMutableArray+Queue.m */ = {isa = PBXFileReference; lastKnownFileType = sourcecode.c.objc; path = "NSMutableArray+Queue.m"; sourceTree = "<group>"; };
		244C6C36202464F600778B71 /* PSSyntaxNodeProgram.h */ = {isa = PBXFileReference; lastKnownFileType = sourcecode.c.h; path = PSSyntaxNodeProgram.h; sourceTree = "<group>"; };
		244C6C37202464F600778B71 /* PSSyntaxNodeProgram.m */ = {isa = PBXFileReference; lastKnownFileType = sourcecode.c.objc; path = PSSyntaxNodeProgram.m; sourceTree = "<group>"; };
		244C6C3E20246DDF00778B71 /* PSSyntaxNodeReturn.h */ = {isa = PBXFileReference; lastKnownFileType = sourcecode.c.h; path = PSSyntaxNodeReturn.h; sourceTree = "<group>"; };
		244C6C3F20246DDF00778B71 /* PSSyntaxNodeReturn.m */ = {isa = PBXFileReference; lastKnownFileType = sourcecode.c.objc; path = PSSyntaxNodeReturn.m; sourceTree = "<group>"; };
		2470EFD02023A2B800AE9CD8 /* Pseudo */ = {isa = PBXFileReference; explicitFileType = "compiled.mach-o.executable"; includeInIndex = 0; path = Pseudo; sourceTree = BUILT_PRODUCTS_DIR; };
		2470EFD32023A2B800AE9CD8 /* main.m */ = {isa = PBXFileReference; lastKnownFileType = sourcecode.c.objc; path = main.m; sourceTree = "<group>"; };
		2470EFDA2023A49500AE9CD8 /* PSLexer.h */ = {isa = PBXFileReference; lastKnownFileType = sourcecode.c.h; path = PSLexer.h; sourceTree = "<group>"; };
		2470EFDB2023A49500AE9CD8 /* PSLexer.m */ = {isa = PBXFileReference; lastKnownFileType = sourcecode.c.objc; path = PSLexer.m; sourceTree = "<group>"; };
		2470EFDD2023A79900AE9CD8 /* PSToken.h */ = {isa = PBXFileReference; lastKnownFileType = sourcecode.c.h; path = PSToken.h; sourceTree = "<group>"; };
		2470EFDE2023A79900AE9CD8 /* PSToken.m */ = {isa = PBXFileReference; lastKnownFileType = sourcecode.c.objc; path = PSToken.m; sourceTree = "<group>"; };
		2470EFE02023A7D200AE9CD8 /* PSTokenType.h */ = {isa = PBXFileReference; lastKnownFileType = sourcecode.c.h; path = PSTokenType.h; sourceTree = "<group>"; };
/* End PBXFileReference section */

/* Begin PBXFrameworksBuildPhase section */
		2470EFCD2023A2B800AE9CD8 /* Frameworks */ = {
			isa = PBXFrameworksBuildPhase;
			buildActionMask = 2147483647;
			files = (
			);
			runOnlyForDeploymentPostprocessing = 0;
		};
/* End PBXFrameworksBuildPhase section */

/* Begin PBXGroup section */
		244C6C392024650F00778B71 /* Lexer */ = {
			isa = PBXGroup;
			children = (
				2470EFDA2023A49500AE9CD8 /* PSLexer.h */,
				2470EFDB2023A49500AE9CD8 /* PSLexer.m */,
				2470EFDD2023A79900AE9CD8 /* PSToken.h */,
				2470EFDE2023A79900AE9CD8 /* PSToken.m */,
				2470EFE02023A7D200AE9CD8 /* PSTokenType.h */,
			);
			path = Lexer;
			sourceTree = "<group>";
		};
		244C6C3A2024651600778B71 /* Parser */ = {
			isa = PBXGroup;
			children = (
				244C6C3D2024654800778B71 /* Nodes */,
				244C6C2A20242EC800778B71 /* PSParser.h */,
				244C6C2B20242EC800778B71 /* PSParser.m */,
			);
			path = Parser;
			sourceTree = "<group>";
		};
		244C6C3B2024652C00778B71 /* Extensions */ = {
			isa = PBXGroup;
			children = (
				244C6C3C2024653300778B71 /* Foundation */,
			);
			path = Extensions;
			sourceTree = "<group>";
		};
		244C6C3C2024653300778B71 /* Foundation */ = {
			isa = PBXGroup;
			children = (
				244C6C332024412900778B71 /* NSMutableArray+Queue.h */,
				244C6C342024412900778B71 /* NSMutableArray+Queue.m */,
			);
			path = Foundation;
			sourceTree = "<group>";
		};
		244C6C3D2024654800778B71 /* Nodes */ = {
			isa = PBXGroup;
			children = (
				244C6C2D202430AA00778B71 /* PSSyntaxNode.h */,
				244C6C2E202430AA00778B71 /* PSSyntaxNode.m */,
				244C6C36202464F600778B71 /* PSSyntaxNodeProgram.h */,
				244C6C37202464F600778B71 /* PSSyntaxNodeProgram.m */,
				244C6C30202432EC00778B71 /* PSSyntaxNodeAlgorithm.h */,
				244C6C31202432EC00778B71 /* PSSyntaxNodeAlgorithm.m */,
				244C6C3E20246DDF00778B71 /* PSSyntaxNodeReturn.h */,
				244C6C3F20246DDF00778B71 /* PSSyntaxNodeReturn.m */,
			);
			path = Nodes;
			sourceTree = "<group>";
		};
		2470EFC72023A2B800AE9CD8 = {
			isa = PBXGroup;
			children = (
				2470EFD22023A2B800AE9CD8 /* Pseudo */,
				2470EFD12023A2B800AE9CD8 /* Products */,
			);
			sourceTree = "<group>";
		};
		2470EFD12023A2B800AE9CD8 /* Products */ = {
			isa = PBXGroup;
			children = (
				2470EFD02023A2B800AE9CD8 /* Pseudo */,
			);
			name = Products;
			sourceTree = "<group>";
		};
		2470EFD22023A2B800AE9CD8 /* Pseudo */ = {
			isa = PBXGroup;
			children = (
				244C6C3B2024652C00778B71 /* Extensions */,
				244C6C392024650F00778B71 /* Lexer */,
				244C6C3A2024651600778B71 /* Parser */,
				2470EFD32023A2B800AE9CD8 /* main.m */,
			);
			path = Pseudo;
			sourceTree = "<group>";
		};
/* End PBXGroup section */

/* Begin PBXNativeTarget section */
		2470EFCF2023A2B800AE9CD8 /* Pseudo */ = {
			isa = PBXNativeTarget;
			buildConfigurationList = 2470EFD72023A2B800AE9CD8 /* Build configuration list for PBXNativeTarget "Pseudo" */;
			buildPhases = (
				2470EFCC2023A2B800AE9CD8 /* Sources */,
				2470EFCD2023A2B800AE9CD8 /* Frameworks */,
				2470EFCE2023A2B800AE9CD8 /* CopyFiles */,
			);
			buildRules = (
			);
			dependencies = (
			);
			name = Pseudo;
			productName = Pseudo;
			productReference = 2470EFD02023A2B800AE9CD8 /* Pseudo */;
			productType = "com.apple.product-type.tool";
		};
/* End PBXNativeTarget section */

/* Begin PBXProject section */
		2470EFC82023A2B800AE9CD8 /* Project object */ = {
			isa = PBXProject;
			attributes = {
				LastUpgradeCheck = 0920;
				ORGANIZATIONNAME = "Steffen Ryll";
				TargetAttributes = {
					2470EFCF2023A2B800AE9CD8 = {
						CreatedOnToolsVersion = 9.2;
						ProvisioningStyle = Automatic;
					};
				};
			};
			buildConfigurationList = 2470EFCB2023A2B800AE9CD8 /* Build configuration list for PBXProject "Pseudo" */;
			compatibilityVersion = "Xcode 8.0";
			developmentRegion = en;
			hasScannedForEncodings = 0;
			knownRegions = (
				en,
			);
			mainGroup = 2470EFC72023A2B800AE9CD8;
			productRefGroup = 2470EFD12023A2B800AE9CD8 /* Products */;
			projectDirPath = "";
			projectRoot = "";
			targets = (
				2470EFCF2023A2B800AE9CD8 /* Pseudo */,
			);
		};
/* End PBXProject section */

/* Begin PBXSourcesBuildPhase section */
		2470EFCC2023A2B800AE9CD8 /* Sources */ = {
			isa = PBXSourcesBuildPhase;
			buildActionMask = 2147483647;
			files = (
				244C6C38202464F600778B71 /* PSSyntaxNodeProgram.m in Sources */,
				2470EFD42023A2B800AE9CD8 /* main.m in Sources */,
				244C6C352024412900778B71 /* NSMutableArray+Queue.m in Sources */,
				244C6C2F202430AA00778B71 /* PSSyntaxNode.m in Sources */,
				244C6C2C20242EC800778B71 /* PSParser.m in Sources */,
				244C6C32202432EC00778B71 /* PSSyntaxNodeAlgorithm.m in Sources */,
				244C6C4020246DDF00778B71 /* PSSyntaxNodeReturn.m in Sources */,
				2470EFDF2023A79900AE9CD8 /* PSToken.m in Sources */,
				2470EFDC2023A49500AE9CD8 /* PSLexer.m in Sources */,
			);
			runOnlyForDeploymentPostprocessing = 0;
		};
/* End PBXSourcesBuildPhase section */

/* Begin XCBuildConfiguration section */
		2470EFD52023A2B800AE9CD8 /* Debug */ = {
			isa = XCBuildConfiguration;
			buildSettings = {
				ALWAYS_SEARCH_USER_PATHS = NO;
				CLANG_ANALYZER_NONNULL = YES;
				CLANG_ANALYZER_NUMBER_OBJECT_CONVERSION = YES_AGGRESSIVE;
				CLANG_CXX_LANGUAGE_STANDARD = "gnu++14";
				CLANG_CXX_LIBRARY = "libc++";
				CLANG_ENABLE_MODULES = YES;
				CLANG_ENABLE_OBJC_ARC = YES;
				CLANG_WARN_BLOCK_CAPTURE_AUTORELEASING = YES;
				CLANG_WARN_BOOL_CONVERSION = YES;
				CLANG_WARN_COMMA = YES;
				CLANG_WARN_CONSTANT_CONVERSION = YES;
				CLANG_WARN_DIRECT_OBJC_ISA_USAGE = YES_ERROR;
				CLANG_WARN_DOCUMENTATION_COMMENTS = YES;
				CLANG_WARN_EMPTY_BODY = YES;
				CLANG_WARN_ENUM_CONVERSION = YES;
				CLANG_WARN_INFINITE_RECURSION = YES;
				CLANG_WARN_INT_CONVERSION = YES;
				CLANG_WARN_NON_LITERAL_NULL_CONVERSION = YES;
				CLANG_WARN_OBJC_LITERAL_CONVERSION = YES;
				CLANG_WARN_OBJC_ROOT_CLASS = YES_ERROR;
				CLANG_WARN_RANGE_LOOP_ANALYSIS = YES;
				CLANG_WARN_STRICT_PROTOTYPES = YES;
				CLANG_WARN_SUSPICIOUS_MOVE = YES;
				CLANG_WARN_UNGUARDED_AVAILABILITY = YES_AGGRESSIVE;
				CLANG_WARN_UNREACHABLE_CODE = YES;
				CLANG_WARN__DUPLICATE_METHOD_MATCH = YES;
				CODE_SIGN_IDENTITY = "Mac Developer";
				COPY_PHASE_STRIP = NO;
				DEBUG_INFORMATION_FORMAT = dwarf;
				ENABLE_STRICT_OBJC_MSGSEND = YES;
				ENABLE_TESTABILITY = YES;
				GCC_C_LANGUAGE_STANDARD = gnu11;
				GCC_DYNAMIC_NO_PIC = NO;
				GCC_NO_COMMON_BLOCKS = YES;
				GCC_OPTIMIZATION_LEVEL = 0;
				GCC_PREPROCESSOR_DEFINITIONS = (
					"DEBUG=1",
					"$(inherited)",
				);
				GCC_WARN_64_TO_32_BIT_CONVERSION = YES;
				GCC_WARN_ABOUT_RETURN_TYPE = YES_ERROR;
				GCC_WARN_UNDECLARED_SELECTOR = YES;
				GCC_WARN_UNINITIALIZED_AUTOS = YES_AGGRESSIVE;
				GCC_WARN_UNUSED_FUNCTION = YES;
				GCC_WARN_UNUSED_VARIABLE = YES;
				MACOSX_DEPLOYMENT_TARGET = 10.13;
				MTL_ENABLE_DEBUG_INFO = YES;
				ONLY_ACTIVE_ARCH = YES;
				SDKROOT = macosx;
			};
			name = Debug;
		};
		2470EFD62023A2B800AE9CD8 /* Release */ = {
			isa = XCBuildConfiguration;
			buildSettings = {
				ALWAYS_SEARCH_USER_PATHS = NO;
				CLANG_ANALYZER_NONNULL = YES;
				CLANG_ANALYZER_NUMBER_OBJECT_CONVERSION = YES_AGGRESSIVE;
				CLANG_CXX_LANGUAGE_STANDARD = "gnu++14";
				CLANG_CXX_LIBRARY = "libc++";
				CLANG_ENABLE_MODULES = YES;
				CLANG_ENABLE_OBJC_ARC = YES;
				CLANG_WARN_BLOCK_CAPTURE_AUTORELEASING = YES;
				CLANG_WARN_BOOL_CONVERSION = YES;
				CLANG_WARN_COMMA = YES;
				CLANG_WARN_CONSTANT_CONVERSION = YES;
				CLANG_WARN_DIRECT_OBJC_ISA_USAGE = YES_ERROR;
				CLANG_WARN_DOCUMENTATION_COMMENTS = YES;
				CLANG_WARN_EMPTY_BODY = YES;
				CLANG_WARN_ENUM_CONVERSION = YES;
				CLANG_WARN_INFINITE_RECURSION = YES;
				CLANG_WARN_INT_CONVERSION = YES;
				CLANG_WARN_NON_LITERAL_NULL_CONVERSION = YES;
				CLANG_WARN_OBJC_LITERAL_CONVERSION = YES;
				CLANG_WARN_OBJC_ROOT_CLASS = YES_ERROR;
				CLANG_WARN_RANGE_LOOP_ANALYSIS = YES;
				CLANG_WARN_STRICT_PROTOTYPES = YES;
				CLANG_WARN_SUSPICIOUS_MOVE = YES;
				CLANG_WARN_UNGUARDED_AVAILABILITY = YES_AGGRESSIVE;
				CLANG_WARN_UNREACHABLE_CODE = YES;
				CLANG_WARN__DUPLICATE_METHOD_MATCH = YES;
				CODE_SIGN_IDENTITY = "Mac Developer";
				COPY_PHASE_STRIP = NO;
				DEBUG_INFORMATION_FORMAT = "dwarf-with-dsym";
				ENABLE_NS_ASSERTIONS = NO;
				ENABLE_STRICT_OBJC_MSGSEND = YES;
				GCC_C_LANGUAGE_STANDARD = gnu11;
				GCC_NO_COMMON_BLOCKS = YES;
				GCC_WARN_64_TO_32_BIT_CONVERSION = YES;
				GCC_WARN_ABOUT_RETURN_TYPE = YES_ERROR;
				GCC_WARN_UNDECLARED_SELECTOR = YES;
				GCC_WARN_UNINITIALIZED_AUTOS = YES_AGGRESSIVE;
				GCC_WARN_UNUSED_FUNCTION = YES;
				GCC_WARN_UNUSED_VARIABLE = YES;
				MACOSX_DEPLOYMENT_TARGET = 10.13;
				MTL_ENABLE_DEBUG_INFO = NO;
				SDKROOT = macosx;
			};
			name = Release;
		};
		2470EFD82023A2B800AE9CD8 /* Debug */ = {
			isa = XCBuildConfiguration;
			buildSettings = {
				CODE_SIGN_STYLE = Automatic;
				DEVELOPMENT_TEAM = X63VKA93X8;
				PRODUCT_NAME = "$(TARGET_NAME)";
			};
			name = Debug;
		};
		2470EFD92023A2B800AE9CD8 /* Release */ = {
			isa = XCBuildConfiguration;
			buildSettings = {
				CODE_SIGN_STYLE = Automatic;
				DEVELOPMENT_TEAM = X63VKA93X8;
				PRODUCT_NAME = "$(TARGET_NAME)";
			};
			name = Release;
		};
/* End XCBuildConfiguration section */

/* Begin XCConfigurationList section */
		2470EFCB2023A2B800AE9CD8 /* Build configuration list for PBXProject "Pseudo" */ = {
			isa = XCConfigurationList;
			buildConfigurations = (
				2470EFD52023A2B800AE9CD8 /* Debug */,
				2470EFD62023A2B800AE9CD8 /* Release */,
			);
			defaultConfigurationIsVisible = 0;
			defaultConfigurationName = Release;
		};
		2470EFD72023A2B800AE9CD8 /* Build configuration list for PBXNativeTarget "Pseudo" */ = {
			isa = XCConfigurationList;
			buildConfigurations = (
				2470EFD82023A2B800AE9CD8 /* Debug */,
				2470EFD92023A2B800AE9CD8 /* Release */,
			);
			defaultConfigurationIsVisible = 0;
			defaultConfigurationName = Release;
		};
/* End XCConfigurationList section */
	};
	rootObject = 2470EFC82023A2B800AE9CD8 /* Project object */;
}
