// !$*UTF8*$!
{
	archiveVersion = 1;
	classes = {
	};
	objectVersion = 48;
	objects = {

/* Begin PBXBuildFile section */
		2421AFBD202507260007FC7A /* Constants.h in Headers */ = {isa = PBXBuildFile; fileRef = 2421AFBB202507260007FC7A /* Constants.h */; settings = {ATTRIBUTES = (Public, ); }; };
		2421AFBE202507260007FC7A /* Constants.m in Sources */ = {isa = PBXBuildFile; fileRef = 2421AFBC202507260007FC7A /* Constants.m */; };
		2421AFDE2025F8000007FC7A /* PSNumberLiteralNode.h in Headers */ = {isa = PBXBuildFile; fileRef = 2421AFDC2025F8000007FC7A /* PSNumberLiteralNode.h */; settings = {ATTRIBUTES = (Public, ); }; };
		2421AFDF2025F8000007FC7A /* PSNumberLiteralNode.m in Sources */ = {isa = PBXBuildFile; fileRef = 2421AFDD2025F8000007FC7A /* PSNumberLiteralNode.m */; };
		2470EFD42023A2B800AE9CD8 /* main.m in Sources */ = {isa = PBXBuildFile; fileRef = 2470EFD32023A2B800AE9CD8 /* main.m */; };
		2470F0132024BA3D00AE9CD8 /* PseudoKit.framework in Frameworks */ = {isa = PBXBuildFile; fileRef = 2470F00A2024BA3D00AE9CD8 /* PseudoKit.framework */; };
		2470F01A2024BA3D00AE9CD8 /* PseudoKit.h in Headers */ = {isa = PBXBuildFile; fileRef = 2470F00C2024BA3D00AE9CD8 /* PseudoKit.h */; settings = {ATTRIBUTES = (Public, ); }; };
		2470F0222024BA5500AE9CD8 /* PseudoKit.framework in Frameworks */ = {isa = PBXBuildFile; fileRef = 2470F00A2024BA3D00AE9CD8 /* PseudoKit.framework */; };
		2470F0242024BA6A00AE9CD8 /* NSMutableArray+Queue.m in Sources */ = {isa = PBXBuildFile; fileRef = 244C6C342024412900778B71 /* NSMutableArray+Queue.m */; };
		2470F0252024BA7600AE9CD8 /* PSLexer.m in Sources */ = {isa = PBXBuildFile; fileRef = 2470EFDB2023A49500AE9CD8 /* PSLexer.m */; };
		2470F0262024BA7800AE9CD8 /* PSToken.m in Sources */ = {isa = PBXBuildFile; fileRef = 2470EFDE2023A79900AE9CD8 /* PSToken.m */; };
		2470F0272024BA7E00AE9CD8 /* PSParser.m in Sources */ = {isa = PBXBuildFile; fileRef = 244C6C2B20242EC800778B71 /* PSParser.m */; };
		2470F0362024BE0800AE9CD8 /* PSLexer.h in Headers */ = {isa = PBXBuildFile; fileRef = 2470EFDA2023A49500AE9CD8 /* PSLexer.h */; settings = {ATTRIBUTES = (Public, ); }; };
		2470F0372024BE0C00AE9CD8 /* PSParser.h in Headers */ = {isa = PBXBuildFile; fileRef = 244C6C2A20242EC800778B71 /* PSParser.h */; settings = {ATTRIBUTES = (Public, ); }; };
		2470F0392024BE2C00AE9CD8 /* NSMutableArray+Queue.h in Headers */ = {isa = PBXBuildFile; fileRef = 244C6C332024412900778B71 /* NSMutableArray+Queue.h */; settings = {ATTRIBUTES = (Private, ); }; };
		2470F03A2024BE3100AE9CD8 /* PSToken.h in Headers */ = {isa = PBXBuildFile; fileRef = 2470EFDD2023A79900AE9CD8 /* PSToken.h */; settings = {ATTRIBUTES = (Public, ); }; };
		2470F03B2024BE3300AE9CD8 /* PSTokenTypes.h in Headers */ = {isa = PBXBuildFile; fileRef = 2470EFE02023A7D200AE9CD8 /* PSTokenTypes.h */; settings = {ATTRIBUTES = (Public, ); }; };
		2470F04B2024BF2800AE9CD8 /* PSLexerTests.swift in Sources */ = {isa = PBXBuildFile; fileRef = 2470F04A2024BF2800AE9CD8 /* PSLexerTests.swift */; };
		2471110820273BA300A79633 /* PSToken+Types.h in Headers */ = {isa = PBXBuildFile; fileRef = 2471110620273BA300A79633 /* PSToken+Types.h */; };
		2471110920273BA300A79633 /* PSToken+Types.m in Sources */ = {isa = PBXBuildFile; fileRef = 2471110720273BA300A79633 /* PSToken+Types.m */; };
		2471110B2027450D00A79633 /* PSReading.h in Headers */ = {isa = PBXBuildFile; fileRef = 2471110A2027450C00A79633 /* PSReading.h */; settings = {ATTRIBUTES = (Public, ); }; };
		2471110E2027458900A79633 /* PSStringReader.h in Headers */ = {isa = PBXBuildFile; fileRef = 2471110C2027458900A79633 /* PSStringReader.h */; settings = {ATTRIBUTES = (Public, ); }; };
		2471110F2027458900A79633 /* PSStringReader.m in Sources */ = {isa = PBXBuildFile; fileRef = 2471110D2027458900A79633 /* PSStringReader.m */; };
		2471111320274A0800A79633 /* PSStringReaderTests.swift in Sources */ = {isa = PBXBuildFile; fileRef = 2471111220274A0800A79633 /* PSStringReaderTests.swift */; };
		2471111520274EBB00A79633 /* PSLexing.h in Headers */ = {isa = PBXBuildFile; fileRef = 2471111420274EBB00A79633 /* PSLexing.h */; settings = {ATTRIBUTES = (Public, ); }; };
		2471111B2027B57F00A79633 /* PSBinaryOperationNode.h in Headers */ = {isa = PBXBuildFile; fileRef = 247111192027B57F00A79633 /* PSBinaryOperationNode.h */; settings = {ATTRIBUTES = (Public, ); }; };
		2471111C2027B57F00A79633 /* PSBinaryOperationNode.m in Sources */ = {isa = PBXBuildFile; fileRef = 2471111A2027B57F00A79633 /* PSBinaryOperationNode.m */; };
		247111212027B60E00A79633 /* PSNode.h in Headers */ = {isa = PBXBuildFile; fileRef = 2471111F2027B60E00A79633 /* PSNode.h */; settings = {ATTRIBUTES = (Public, ); }; };
		247111222027B60E00A79633 /* PSNode.m in Sources */ = {isa = PBXBuildFile; fileRef = 247111202027B60E00A79633 /* PSNode.m */; };
		247111242028827600A79633 /* Macros.h in Headers */ = {isa = PBXBuildFile; fileRef = 2471112320287E0D00A79633 /* Macros.h */; settings = {ATTRIBUTES = (Public, ); }; };
		247111272028887300A79633 /* ParserTests.swift in Sources */ = {isa = PBXBuildFile; fileRef = 247111262028887300A79633 /* ParserTests.swift */; };
		247111282028958E00A79633 /* PSJavaScriptTranspiler.m in Sources */ = {isa = PBXBuildFile; fileRef = 2470EFE92024852400AE9CD8 /* PSJavaScriptTranspiler.m */; };
		247111292028959100A79633 /* PSJavaScriptTranspiler.h in Headers */ = {isa = PBXBuildFile; fileRef = 2470EFE82024852400AE9CD8 /* PSJavaScriptTranspiler.h */; settings = {ATTRIBUTES = (Public, ); }; };
		2471112A2028959500A79633 /* PSJavaScriptTranspilable.h in Headers */ = {isa = PBXBuildFile; fileRef = 2470EFF22024874F00AE9CD8 /* PSJavaScriptTranspilable.h */; settings = {ATTRIBUTES = (Public, ); }; };
		2471112D2028968500A79633 /* PSNode+JavaScript.h in Headers */ = {isa = PBXBuildFile; fileRef = 2471112B2028968500A79633 /* PSNode+JavaScript.h */; settings = {ATTRIBUTES = (Public, ); }; };
		2471112E2028968500A79633 /* PSNode+JavaScript.m in Sources */ = {isa = PBXBuildFile; fileRef = 2471112C2028968500A79633 /* PSNode+JavaScript.m */; };
		247111312028977100A79633 /* PSBinaryOperationNode+JavaScript.h in Headers */ = {isa = PBXBuildFile; fileRef = 2471112F2028977100A79633 /* PSBinaryOperationNode+JavaScript.h */; };
		247111322028977100A79633 /* PSBinaryOperationNode+JavaScript.m in Sources */ = {isa = PBXBuildFile; fileRef = 247111302028977100A79633 /* PSBinaryOperationNode+JavaScript.m */; };
		24711135202897E200A79633 /* PSNumberLiteralNode+JavaScript.h in Headers */ = {isa = PBXBuildFile; fileRef = 24711133202897E200A79633 /* PSNumberLiteralNode+JavaScript.h */; };
		24711136202897E200A79633 /* PSNumberLiteralNode+JavaScript.m in Sources */ = {isa = PBXBuildFile; fileRef = 24711134202897E200A79633 /* PSNumberLiteralNode+JavaScript.m */; };
		24DA62FB2024CA880087839C /* PSTokenTests.swift in Sources */ = {isa = PBXBuildFile; fileRef = 24DA62FA2024CA880087839C /* PSTokenTests.swift */; };
/* End PBXBuildFile section */

/* Begin PBXContainerItemProxy section */
		2470F0142024BA3D00AE9CD8 /* PBXContainerItemProxy */ = {
			isa = PBXContainerItemProxy;
			containerPortal = 2470EFC82023A2B800AE9CD8 /* Project object */;
			proxyType = 1;
			remoteGlobalIDString = 2470F0092024BA3D00AE9CD8;
			remoteInfo = PseudoKit;
		};
/* End PBXContainerItemProxy section */

/* Begin PBXCopyFilesBuildPhase section */
		2470EFCE2023A2B800AE9CD8 /* CopyFiles */ = {
			isa = PBXCopyFilesBuildPhase;
			buildActionMask = 2147483647;
			dstPath = /usr/share/man/man1/;
			dstSubfolderSpec = 0;
			files = (
			);
			runOnlyForDeploymentPostprocessing = 1;
		};
/* End PBXCopyFilesBuildPhase section */

/* Begin PBXFileReference section */
		2421AFBB202507260007FC7A /* Constants.h */ = {isa = PBXFileReference; lastKnownFileType = sourcecode.c.h; path = Constants.h; sourceTree = "<group>"; };
		2421AFBC202507260007FC7A /* Constants.m */ = {isa = PBXFileReference; lastKnownFileType = sourcecode.c.objc; path = Constants.m; sourceTree = "<group>"; };
		2421AFDC2025F8000007FC7A /* PSNumberLiteralNode.h */ = {isa = PBXFileReference; lastKnownFileType = sourcecode.c.h; path = PSNumberLiteralNode.h; sourceTree = "<group>"; };
		2421AFDD2025F8000007FC7A /* PSNumberLiteralNode.m */ = {isa = PBXFileReference; lastKnownFileType = sourcecode.c.objc; path = PSNumberLiteralNode.m; sourceTree = "<group>"; };
		244C6C2A20242EC800778B71 /* PSParser.h */ = {isa = PBXFileReference; lastKnownFileType = sourcecode.c.h; path = PSParser.h; sourceTree = "<group>"; };
		244C6C2B20242EC800778B71 /* PSParser.m */ = {isa = PBXFileReference; lastKnownFileType = sourcecode.c.objc; path = PSParser.m; sourceTree = "<group>"; };
		244C6C332024412900778B71 /* NSMutableArray+Queue.h */ = {isa = PBXFileReference; lastKnownFileType = sourcecode.c.h; path = "NSMutableArray+Queue.h"; sourceTree = "<group>"; };
		244C6C342024412900778B71 /* NSMutableArray+Queue.m */ = {isa = PBXFileReference; lastKnownFileType = sourcecode.c.objc; path = "NSMutableArray+Queue.m"; sourceTree = "<group>"; };
		2470EFD02023A2B800AE9CD8 /* Pseudo */ = {isa = PBXFileReference; explicitFileType = "compiled.mach-o.executable"; includeInIndex = 0; path = Pseudo; sourceTree = BUILT_PRODUCTS_DIR; };
		2470EFD32023A2B800AE9CD8 /* main.m */ = {isa = PBXFileReference; lastKnownFileType = sourcecode.c.objc; path = main.m; sourceTree = "<group>"; };
		2470EFDA2023A49500AE9CD8 /* PSLexer.h */ = {isa = PBXFileReference; lastKnownFileType = sourcecode.c.h; path = PSLexer.h; sourceTree = "<group>"; };
		2470EFDB2023A49500AE9CD8 /* PSLexer.m */ = {isa = PBXFileReference; lastKnownFileType = sourcecode.c.objc; path = PSLexer.m; sourceTree = "<group>"; };
		2470EFDD2023A79900AE9CD8 /* PSToken.h */ = {isa = PBXFileReference; lastKnownFileType = sourcecode.c.h; path = PSToken.h; sourceTree = "<group>"; };
		2470EFDE2023A79900AE9CD8 /* PSToken.m */ = {isa = PBXFileReference; lastKnownFileType = sourcecode.c.objc; path = PSToken.m; sourceTree = "<group>"; };
		2470EFE02023A7D200AE9CD8 /* PSTokenTypes.h */ = {isa = PBXFileReference; lastKnownFileType = sourcecode.c.h; path = PSTokenTypes.h; sourceTree = "<group>"; };
		2470EFE82024852400AE9CD8 /* PSJavaScriptTranspiler.h */ = {isa = PBXFileReference; lastKnownFileType = sourcecode.c.h; path = PSJavaScriptTranspiler.h; sourceTree = "<group>"; };
		2470EFE92024852400AE9CD8 /* PSJavaScriptTranspiler.m */ = {isa = PBXFileReference; lastKnownFileType = sourcecode.c.objc; path = PSJavaScriptTranspiler.m; sourceTree = "<group>"; };
		2470EFF22024874F00AE9CD8 /* PSJavaScriptTranspilable.h */ = {isa = PBXFileReference; lastKnownFileType = sourcecode.c.h; path = PSJavaScriptTranspilable.h; sourceTree = "<group>"; };
		2470F00A2024BA3D00AE9CD8 /* PseudoKit.framework */ = {isa = PBXFileReference; explicitFileType = wrapper.framework; includeInIndex = 0; path = PseudoKit.framework; sourceTree = BUILT_PRODUCTS_DIR; };
		2470F00C2024BA3D00AE9CD8 /* PseudoKit.h */ = {isa = PBXFileReference; lastKnownFileType = sourcecode.c.h; path = PseudoKit.h; sourceTree = "<group>"; };
		2470F00D2024BA3D00AE9CD8 /* Info.plist */ = {isa = PBXFileReference; lastKnownFileType = text.plist.xml; path = Info.plist; sourceTree = "<group>"; };
		2470F0122024BA3D00AE9CD8 /* PseudoKitTests.xctest */ = {isa = PBXFileReference; explicitFileType = wrapper.cfbundle; includeInIndex = 0; path = PseudoKitTests.xctest; sourceTree = BUILT_PRODUCTS_DIR; };
		2470F0192024BA3D00AE9CD8 /* Info.plist */ = {isa = PBXFileReference; lastKnownFileType = text.plist.xml; path = Info.plist; sourceTree = "<group>"; };
		2470F0492024BF2700AE9CD8 /* PseudoKitTests-Bridging-Header.h */ = {isa = PBXFileReference; lastKnownFileType = sourcecode.c.h; path = "PseudoKitTests-Bridging-Header.h"; sourceTree = "<group>"; };
		2470F04A2024BF2800AE9CD8 /* PSLexerTests.swift */ = {isa = PBXFileReference; lastKnownFileType = sourcecode.swift; path = PSLexerTests.swift; sourceTree = "<group>"; };
		2471110620273BA300A79633 /* PSToken+Types.h */ = {isa = PBXFileReference; lastKnownFileType = sourcecode.c.h; path = "PSToken+Types.h"; sourceTree = "<group>"; };
		2471110720273BA300A79633 /* PSToken+Types.m */ = {isa = PBXFileReference; lastKnownFileType = sourcecode.c.objc; path = "PSToken+Types.m"; sourceTree = "<group>"; };
		2471110A2027450C00A79633 /* PSReading.h */ = {isa = PBXFileReference; lastKnownFileType = sourcecode.c.h; path = PSReading.h; sourceTree = "<group>"; };
		2471110C2027458900A79633 /* PSStringReader.h */ = {isa = PBXFileReference; lastKnownFileType = sourcecode.c.h; path = PSStringReader.h; sourceTree = "<group>"; };
		2471110D2027458900A79633 /* PSStringReader.m */ = {isa = PBXFileReference; lastKnownFileType = sourcecode.c.objc; path = PSStringReader.m; sourceTree = "<group>"; };
		2471111220274A0800A79633 /* PSStringReaderTests.swift */ = {isa = PBXFileReference; lastKnownFileType = sourcecode.swift; path = PSStringReaderTests.swift; sourceTree = "<group>"; };
		2471111420274EBB00A79633 /* PSLexing.h */ = {isa = PBXFileReference; lastKnownFileType = sourcecode.c.h; path = PSLexing.h; sourceTree = "<group>"; };
		247111192027B57F00A79633 /* PSBinaryOperationNode.h */ = {isa = PBXFileReference; lastKnownFileType = sourcecode.c.h; path = PSBinaryOperationNode.h; sourceTree = "<group>"; };
		2471111A2027B57F00A79633 /* PSBinaryOperationNode.m */ = {isa = PBXFileReference; lastKnownFileType = sourcecode.c.objc; path = PSBinaryOperationNode.m; sourceTree = "<group>"; };
		2471111F2027B60E00A79633 /* PSNode.h */ = {isa = PBXFileReference; lastKnownFileType = sourcecode.c.h; path = PSNode.h; sourceTree = "<group>"; };
		247111202027B60E00A79633 /* PSNode.m */ = {isa = PBXFileReference; lastKnownFileType = sourcecode.c.objc; path = PSNode.m; sourceTree = "<group>"; };
		2471112320287E0D00A79633 /* Macros.h */ = {isa = PBXFileReference; lastKnownFileType = sourcecode.c.h; path = Macros.h; sourceTree = "<group>"; };
		247111262028887300A79633 /* ParserTests.swift */ = {isa = PBXFileReference; lastKnownFileType = sourcecode.swift; path = ParserTests.swift; sourceTree = "<group>"; };
		2471112B2028968500A79633 /* PSNode+JavaScript.h */ = {isa = PBXFileReference; lastKnownFileType = sourcecode.c.h; path = "PSNode+JavaScript.h"; sourceTree = "<group>"; };
		2471112C2028968500A79633 /* PSNode+JavaScript.m */ = {isa = PBXFileReference; lastKnownFileType = sourcecode.c.objc; path = "PSNode+JavaScript.m"; sourceTree = "<group>"; };
		2471112F2028977100A79633 /* PSBinaryOperationNode+JavaScript.h */ = {isa = PBXFileReference; lastKnownFileType = sourcecode.c.h; path = "PSBinaryOperationNode+JavaScript.h"; sourceTree = "<group>"; };
		247111302028977100A79633 /* PSBinaryOperationNode+JavaScript.m */ = {isa = PBXFileReference; lastKnownFileType = sourcecode.c.objc; path = "PSBinaryOperationNode+JavaScript.m"; sourceTree = "<group>"; };
		24711133202897E200A79633 /* PSNumberLiteralNode+JavaScript.h */ = {isa = PBXFileReference; lastKnownFileType = sourcecode.c.h; path = "PSNumberLiteralNode+JavaScript.h"; sourceTree = "<group>"; };
		24711134202897E200A79633 /* PSNumberLiteralNode+JavaScript.m */ = {isa = PBXFileReference; lastKnownFileType = sourcecode.c.objc; path = "PSNumberLiteralNode+JavaScript.m"; sourceTree = "<group>"; };
		24DA62FA2024CA880087839C /* PSTokenTests.swift */ = {isa = PBXFileReference; lastKnownFileType = sourcecode.swift; path = PSTokenTests.swift; sourceTree = "<group>"; };
/* End PBXFileReference section */

/* Begin PBXFrameworksBuildPhase section */
		2470EFCD2023A2B800AE9CD8 /* Frameworks */ = {
			isa = PBXFrameworksBuildPhase;
			buildActionMask = 2147483647;
			files = (
				2470F0222024BA5500AE9CD8 /* PseudoKit.framework in Frameworks */,
			);
			runOnlyForDeploymentPostprocessing = 0;
		};
		2470F0062024BA3D00AE9CD8 /* Frameworks */ = {
			isa = PBXFrameworksBuildPhase;
			buildActionMask = 2147483647;
			files = (
			);
			runOnlyForDeploymentPostprocessing = 0;
		};
		2470F00F2024BA3D00AE9CD8 /* Frameworks */ = {
			isa = PBXFrameworksBuildPhase;
			buildActionMask = 2147483647;
			files = (
				2470F0132024BA3D00AE9CD8 /* PseudoKit.framework in Frameworks */,
			);
			runOnlyForDeploymentPostprocessing = 0;
		};
/* End PBXFrameworksBuildPhase section */

/* Begin PBXGroup section */
		244C6C392024650F00778B71 /* Lexer */ = {
			isa = PBXGroup;
			children = (
				2471111420274EBB00A79633 /* PSLexing.h */,
				2470EFDA2023A49500AE9CD8 /* PSLexer.h */,
				2470EFDB2023A49500AE9CD8 /* PSLexer.m */,
				2470EFDD2023A79900AE9CD8 /* PSToken.h */,
				2470EFDE2023A79900AE9CD8 /* PSToken.m */,
				2471110620273BA300A79633 /* PSToken+Types.h */,
				2471110720273BA300A79633 /* PSToken+Types.m */,
				2470EFE02023A7D200AE9CD8 /* PSTokenTypes.h */,
			);
			path = Lexer;
			sourceTree = "<group>";
		};
		244C6C3A2024651600778B71 /* Parser */ = {
			isa = PBXGroup;
			children = (
				244C6C3D2024654800778B71 /* Nodes */,
				244C6C2A20242EC800778B71 /* PSParser.h */,
				244C6C2B20242EC800778B71 /* PSParser.m */,
			);
			path = Parser;
			sourceTree = "<group>";
		};
		244C6C3B2024652C00778B71 /* Extensions */ = {
			isa = PBXGroup;
			children = (
				244C6C3C2024653300778B71 /* Foundation */,
			);
			path = Extensions;
			sourceTree = "<group>";
		};
		244C6C3C2024653300778B71 /* Foundation */ = {
			isa = PBXGroup;
			children = (
				244C6C332024412900778B71 /* NSMutableArray+Queue.h */,
				244C6C342024412900778B71 /* NSMutableArray+Queue.m */,
			);
			path = Foundation;
			sourceTree = "<group>";
		};
		244C6C3D2024654800778B71 /* Nodes */ = {
			isa = PBXGroup;
			children = (
				247110F4202710A100A79633 /* Blocks */,
				247110F5202710A900A79633 /* Statements */,
				247110F6202710B600A79633 /* Conditions */,
				247110F7202710D600A79633 /* Loops */,
				247110F8202710DA00A79633 /* Algorithms */,
				247110F9202710E800A79633 /* Expressions */,
				247110FA202710F100A79633 /* Calls */,
				2471111F2027B60E00A79633 /* PSNode.h */,
				247111202027B60E00A79633 /* PSNode.m */,
			);
			path = Nodes;
			sourceTree = "<group>";
		};
		2470EFC72023A2B800AE9CD8 = {
			isa = PBXGroup;
			children = (
				2470EFD22023A2B800AE9CD8 /* Pseudo */,
				2470F00B2024BA3D00AE9CD8 /* PseudoKit */,
				2470F0162024BA3D00AE9CD8 /* PseudoKitTests */,
				2470EFD12023A2B800AE9CD8 /* Products */,
				2470F0212024BA5500AE9CD8 /* Frameworks */,
			);
			sourceTree = "<group>";
		};
		2470EFD12023A2B800AE9CD8 /* Products */ = {
			isa = PBXGroup;
			children = (
				2470EFD02023A2B800AE9CD8 /* Pseudo */,
				2470F00A2024BA3D00AE9CD8 /* PseudoKit.framework */,
				2470F0122024BA3D00AE9CD8 /* PseudoKitTests.xctest */,
			);
			name = Products;
			sourceTree = "<group>";
		};
		2470EFD22023A2B800AE9CD8 /* Pseudo */ = {
			isa = PBXGroup;
			children = (
				2470EFD32023A2B800AE9CD8 /* main.m */,
			);
			path = Pseudo;
			sourceTree = "<group>";
		};
		2470EFE72024850500AE9CD8 /* JavaScriptTranspiler */ = {
			isa = PBXGroup;
			children = (
				2470EFEB202486AE00AE9CD8 /* Nodes */,
				2470EFF22024874F00AE9CD8 /* PSJavaScriptTranspilable.h */,
				2470EFE82024852400AE9CD8 /* PSJavaScriptTranspiler.h */,
				2470EFE92024852400AE9CD8 /* PSJavaScriptTranspiler.m */,
			);
			path = JavaScriptTranspiler;
			sourceTree = "<group>";
		};
		2470EFEB202486AE00AE9CD8 /* Nodes */ = {
			isa = PBXGroup;
			children = (
				2471112B2028968500A79633 /* PSNode+JavaScript.h */,
				2471112C2028968500A79633 /* PSNode+JavaScript.m */,
				2471112F2028977100A79633 /* PSBinaryOperationNode+JavaScript.h */,
				247111302028977100A79633 /* PSBinaryOperationNode+JavaScript.m */,
				24711133202897E200A79633 /* PSNumberLiteralNode+JavaScript.h */,
				24711134202897E200A79633 /* PSNumberLiteralNode+JavaScript.m */,
			);
			path = Nodes;
			sourceTree = "<group>";
		};
		2470F00B2024BA3D00AE9CD8 /* PseudoKit */ = {
			isa = PBXGroup;
			children = (
				244C6C3B2024652C00778B71 /* Extensions */,
				247111102027459100A79633 /* Reader */,
				244C6C392024650F00778B71 /* Lexer */,
				244C6C3A2024651600778B71 /* Parser */,
				2470EFE72024850500AE9CD8 /* JavaScriptTranspiler */,
				2421AFBB202507260007FC7A /* Constants.h */,
				2421AFBC202507260007FC7A /* Constants.m */,
				2471112320287E0D00A79633 /* Macros.h */,
				2470F00C2024BA3D00AE9CD8 /* PseudoKit.h */,
				2470F00D2024BA3D00AE9CD8 /* Info.plist */,
			);
			path = PseudoKit;
			sourceTree = "<group>";
		};
		2470F0162024BA3D00AE9CD8 /* PseudoKitTests */ = {
			isa = PBXGroup;
			children = (
				24711111202749F000A79633 /* Reader */,
				2470F04C2024BF2C00AE9CD8 /* Lexer */,
				247111252028886200A79633 /* Parser */,
				2470F0192024BA3D00AE9CD8 /* Info.plist */,
				2470F0492024BF2700AE9CD8 /* PseudoKitTests-Bridging-Header.h */,
			);
			path = PseudoKitTests;
			sourceTree = "<group>";
		};
		2470F0212024BA5500AE9CD8 /* Frameworks */ = {
			isa = PBXGroup;
			children = (
			);
			name = Frameworks;
			sourceTree = "<group>";
		};
		2470F04C2024BF2C00AE9CD8 /* Lexer */ = {
			isa = PBXGroup;
			children = (
				2470F04A2024BF2800AE9CD8 /* PSLexerTests.swift */,
				24DA62FA2024CA880087839C /* PSTokenTests.swift */,
			);
			path = Lexer;
			sourceTree = "<group>";
		};
		247110F4202710A100A79633 /* Blocks */ = {
			isa = PBXGroup;
			children = (
			);
			path = Blocks;
			sourceTree = "<group>";
		};
		247110F5202710A900A79633 /* Statements */ = {
			isa = PBXGroup;
			children = (
			);
			path = Statements;
			sourceTree = "<group>";
		};
		247110F6202710B600A79633 /* Conditions */ = {
			isa = PBXGroup;
			children = (
			);
			path = Conditions;
			sourceTree = "<group>";
		};
		247110F7202710D600A79633 /* Loops */ = {
			isa = PBXGroup;
			children = (
			);
			path = Loops;
			sourceTree = "<group>";
		};
		247110F8202710DA00A79633 /* Algorithms */ = {
			isa = PBXGroup;
			children = (
			);
			path = Algorithms;
			sourceTree = "<group>";
		};
		247110F9202710E800A79633 /* Expressions */ = {
			isa = PBXGroup;
			children = (
				247111192027B57F00A79633 /* PSBinaryOperationNode.h */,
				2471111A2027B57F00A79633 /* PSBinaryOperationNode.m */,
				2421AFDC2025F8000007FC7A /* PSNumberLiteralNode.h */,
				2421AFDD2025F8000007FC7A /* PSNumberLiteralNode.m */,
			);
			path = Expressions;
			sourceTree = "<group>";
		};
		247110FA202710F100A79633 /* Calls */ = {
			isa = PBXGroup;
			children = (
			);
			path = Calls;
			sourceTree = "<group>";
		};
		247111102027459100A79633 /* Reader */ = {
			isa = PBXGroup;
			children = (
				2471110A2027450C00A79633 /* PSReading.h */,
				2471110C2027458900A79633 /* PSStringReader.h */,
				2471110D2027458900A79633 /* PSStringReader.m */,
			);
			path = Reader;
			sourceTree = "<group>";
		};
		24711111202749F000A79633 /* Reader */ = {
			isa = PBXGroup;
			children = (
				2471111220274A0800A79633 /* PSStringReaderTests.swift */,
			);
			path = Reader;
			sourceTree = "<group>";
		};
		247111252028886200A79633 /* Parser */ = {
			isa = PBXGroup;
			children = (
				247111262028887300A79633 /* ParserTests.swift */,
			);
			path = Parser;
			sourceTree = "<group>";
		};
/* End PBXGroup section */

/* Begin PBXHeadersBuildPhase section */
		2470F0072024BA3D00AE9CD8 /* Headers */ = {
			isa = PBXHeadersBuildPhase;
			buildActionMask = 2147483647;
			files = (
				2471111B2027B57F00A79633 /* PSBinaryOperationNode.h in Headers */,
				2471110B2027450D00A79633 /* PSReading.h in Headers */,
				2470F01A2024BA3D00AE9CD8 /* PseudoKit.h in Headers */,
				2470F0362024BE0800AE9CD8 /* PSLexer.h in Headers */,
				2470F0372024BE0C00AE9CD8 /* PSParser.h in Headers */,
				247111212027B60E00A79633 /* PSNode.h in Headers */,
				2470F03A2024BE3100AE9CD8 /* PSToken.h in Headers */,
				2470F03B2024BE3300AE9CD8 /* PSTokenTypes.h in Headers */,
				247111312028977100A79633 /* PSBinaryOperationNode+JavaScript.h in Headers */,
				2471112D2028968500A79633 /* PSNode+JavaScript.h in Headers */,
				2471110820273BA300A79633 /* PSToken+Types.h in Headers */,
				2471111520274EBB00A79633 /* PSLexing.h in Headers */,
				2421AFBD202507260007FC7A /* Constants.h in Headers */,
				2421AFDE2025F8000007FC7A /* PSNumberLiteralNode.h in Headers */,
				247111292028959100A79633 /* PSJavaScriptTranspiler.h in Headers */,
				247111242028827600A79633 /* Macros.h in Headers */,
				2471112A2028959500A79633 /* PSJavaScriptTranspilable.h in Headers */,
				2470F0392024BE2C00AE9CD8 /* NSMutableArray+Queue.h in Headers */,
				24711135202897E200A79633 /* PSNumberLiteralNode+JavaScript.h in Headers */,
				2471110E2027458900A79633 /* PSStringReader.h in Headers */,
			);
			runOnlyForDeploymentPostprocessing = 0;
		};
/* End PBXHeadersBuildPhase section */

/* Begin PBXNativeTarget section */
		2470EFCF2023A2B800AE9CD8 /* Pseudo */ = {
			isa = PBXNativeTarget;
			buildConfigurationList = 2470EFD72023A2B800AE9CD8 /* Build configuration list for PBXNativeTarget "Pseudo" */;
			buildPhases = (
				2470EFCC2023A2B800AE9CD8 /* Sources */,
				2470EFCD2023A2B800AE9CD8 /* Frameworks */,
				2470EFCE2023A2B800AE9CD8 /* CopyFiles */,
			);
			buildRules = (
			);
			dependencies = (
			);
			name = Pseudo;
			productName = Pseudo;
			productReference = 2470EFD02023A2B800AE9CD8 /* Pseudo */;
			productType = "com.apple.product-type.tool";
		};
		2470F0092024BA3D00AE9CD8 /* PseudoKit */ = {
			isa = PBXNativeTarget;
			buildConfigurationList = 2470F01F2024BA3D00AE9CD8 /* Build configuration list for PBXNativeTarget "PseudoKit" */;
			buildPhases = (
				2470F0052024BA3D00AE9CD8 /* Sources */,
				2470F0062024BA3D00AE9CD8 /* Frameworks */,
				2470F0072024BA3D00AE9CD8 /* Headers */,
				2470F0082024BA3D00AE9CD8 /* Resources */,
			);
			buildRules = (
			);
			dependencies = (
			);
			name = PseudoKit;
			productName = PseudoKit;
			productReference = 2470F00A2024BA3D00AE9CD8 /* PseudoKit.framework */;
			productType = "com.apple.product-type.framework";
		};
		2470F0112024BA3D00AE9CD8 /* PseudoKitTests */ = {
			isa = PBXNativeTarget;
			buildConfigurationList = 2470F0202024BA3D00AE9CD8 /* Build configuration list for PBXNativeTarget "PseudoKitTests" */;
			buildPhases = (
				2470F00E2024BA3D00AE9CD8 /* Sources */,
				2470F00F2024BA3D00AE9CD8 /* Frameworks */,
				2470F0102024BA3D00AE9CD8 /* Resources */,
			);
			buildRules = (
			);
			dependencies = (
				2470F0152024BA3D00AE9CD8 /* PBXTargetDependency */,
			);
			name = PseudoKitTests;
			productName = PseudoKitTests;
			productReference = 2470F0122024BA3D00AE9CD8 /* PseudoKitTests.xctest */;
			productType = "com.apple.product-type.bundle.unit-test";
		};
/* End PBXNativeTarget section */

/* Begin PBXProject section */
		2470EFC82023A2B800AE9CD8 /* Project object */ = {
			isa = PBXProject;
			attributes = {
				LastUpgradeCheck = 0920;
				ORGANIZATIONNAME = "Steffen Ryll";
				TargetAttributes = {
					2470EFCF2023A2B800AE9CD8 = {
						CreatedOnToolsVersion = 9.2;
						ProvisioningStyle = Automatic;
					};
					2470F0092024BA3D00AE9CD8 = {
						CreatedOnToolsVersion = 9.2;
						ProvisioningStyle = Automatic;
					};
					2470F0112024BA3D00AE9CD8 = {
						CreatedOnToolsVersion = 9.2;
						LastSwiftMigration = 0920;
						ProvisioningStyle = Automatic;
					};
				};
			};
			buildConfigurationList = 2470EFCB2023A2B800AE9CD8 /* Build configuration list for PBXProject "Pseudo" */;
			compatibilityVersion = "Xcode 8.0";
			developmentRegion = en;
			hasScannedForEncodings = 0;
			knownRegions = (
				en,
			);
			mainGroup = 2470EFC72023A2B800AE9CD8;
			productRefGroup = 2470EFD12023A2B800AE9CD8 /* Products */;
			projectDirPath = "";
			projectRoot = "";
			targets = (
				2470EFCF2023A2B800AE9CD8 /* Pseudo */,
				2470F0092024BA3D00AE9CD8 /* PseudoKit */,
				2470F0112024BA3D00AE9CD8 /* PseudoKitTests */,
			);
		};
/* End PBXProject section */

/* Begin PBXResourcesBuildPhase section */
		2470F0082024BA3D00AE9CD8 /* Resources */ = {
			isa = PBXResourcesBuildPhase;
			buildActionMask = 2147483647;
			files = (
			);
			runOnlyForDeploymentPostprocessing = 0;
		};
		2470F0102024BA3D00AE9CD8 /* Resources */ = {
			isa = PBXResourcesBuildPhase;
			buildActionMask = 2147483647;
			files = (
			);
			runOnlyForDeploymentPostprocessing = 0;
		};
/* End PBXResourcesBuildPhase section */

/* Begin PBXSourcesBuildPhase section */
		2470EFCC2023A2B800AE9CD8 /* Sources */ = {
			isa = PBXSourcesBuildPhase;
			buildActionMask = 2147483647;
			files = (
				2470EFD42023A2B800AE9CD8 /* main.m in Sources */,
			);
			runOnlyForDeploymentPostprocessing = 0;
		};
		2470F0052024BA3D00AE9CD8 /* Sources */ = {
			isa = PBXSourcesBuildPhase;
			buildActionMask = 2147483647;
			files = (
				2421AFDF2025F8000007FC7A /* PSNumberLiteralNode.m in Sources */,
				2470F0242024BA6A00AE9CD8 /* NSMutableArray+Queue.m in Sources */,
				247111222027B60E00A79633 /* PSNode.m in Sources */,
				2470F0272024BA7E00AE9CD8 /* PSParser.m in Sources */,
				2470F0262024BA7800AE9CD8 /* PSToken.m in Sources */,
				2471112E2028968500A79633 /* PSNode+JavaScript.m in Sources */,
				2470F0252024BA7600AE9CD8 /* PSLexer.m in Sources */,
				247111322028977100A79633 /* PSBinaryOperationNode+JavaScript.m in Sources */,
				2471110920273BA300A79633 /* PSToken+Types.m in Sources */,
				2471110F2027458900A79633 /* PSStringReader.m in Sources */,
				2471111C2027B57F00A79633 /* PSBinaryOperationNode.m in Sources */,
				2421AFBE202507260007FC7A /* Constants.m in Sources */,
				24711136202897E200A79633 /* PSNumberLiteralNode+JavaScript.m in Sources */,
				247111282028958E00A79633 /* PSJavaScriptTranspiler.m in Sources */,
			);
			runOnlyForDeploymentPostprocessing = 0;
		};
		2470F00E2024BA3D00AE9CD8 /* Sources */ = {
			isa = PBXSourcesBuildPhase;
			buildActionMask = 2147483647;
			files = (
				247111272028887300A79633 /* ParserTests.swift in Sources */,
				24DA62FB2024CA880087839C /* PSTokenTests.swift in Sources */,
				2470F04B2024BF2800AE9CD8 /* PSLexerTests.swift in Sources */,
				2471111320274A0800A79633 /* PSStringReaderTests.swift in Sources */,
			);
			runOnlyForDeploymentPostprocessing = 0;
		};
/* End PBXSourcesBuildPhase section */

/* Begin PBXTargetDependency section */
		2470F0152024BA3D00AE9CD8 /* PBXTargetDependency */ = {
			isa = PBXTargetDependency;
			target = 2470F0092024BA3D00AE9CD8 /* PseudoKit */;
			targetProxy = 2470F0142024BA3D00AE9CD8 /* PBXContainerItemProxy */;
		};
/* End PBXTargetDependency section */

/* Begin XCBuildConfiguration section */
		2470EFD52023A2B800AE9CD8 /* Debug */ = {
			isa = XCBuildConfiguration;
			buildSettings = {
				ALWAYS_SEARCH_USER_PATHS = NO;
				CLANG_ANALYZER_NONNULL = YES;
				CLANG_ANALYZER_NUMBER_OBJECT_CONVERSION = YES_AGGRESSIVE;
				CLANG_CXX_LANGUAGE_STANDARD = "gnu++14";
				CLANG_CXX_LIBRARY = "libc++";
				CLANG_ENABLE_MODULES = YES;
				CLANG_ENABLE_OBJC_ARC = YES;
				CLANG_WARN_BLOCK_CAPTURE_AUTORELEASING = YES;
				CLANG_WARN_BOOL_CONVERSION = YES;
				CLANG_WARN_COMMA = YES;
				CLANG_WARN_CONSTANT_CONVERSION = YES;
				CLANG_WARN_DIRECT_OBJC_ISA_USAGE = YES_ERROR;
				CLANG_WARN_DOCUMENTATION_COMMENTS = YES;
				CLANG_WARN_EMPTY_BODY = YES;
				CLANG_WARN_ENUM_CONVERSION = YES;
				CLANG_WARN_INFINITE_RECURSION = YES;
				CLANG_WARN_INT_CONVERSION = YES;
				CLANG_WARN_NON_LITERAL_NULL_CONVERSION = YES;
				CLANG_WARN_OBJC_LITERAL_CONVERSION = YES;
				CLANG_WARN_OBJC_ROOT_CLASS = YES_ERROR;
				CLANG_WARN_RANGE_LOOP_ANALYSIS = YES;
				CLANG_WARN_STRICT_PROTOTYPES = YES;
				CLANG_WARN_SUSPICIOUS_MOVE = YES;
				CLANG_WARN_UNGUARDED_AVAILABILITY = YES_AGGRESSIVE;
				CLANG_WARN_UNREACHABLE_CODE = YES;
				CLANG_WARN__DUPLICATE_METHOD_MATCH = YES;
				CODE_SIGN_IDENTITY = "Mac Developer";
				COPY_PHASE_STRIP = NO;
				DEBUG_INFORMATION_FORMAT = dwarf;
				ENABLE_STRICT_OBJC_MSGSEND = YES;
				ENABLE_TESTABILITY = YES;
				GCC_C_LANGUAGE_STANDARD = gnu11;
				GCC_DYNAMIC_NO_PIC = NO;
				GCC_NO_COMMON_BLOCKS = YES;
				GCC_OPTIMIZATION_LEVEL = 0;
				GCC_PREPROCESSOR_DEFINITIONS = (
					"DEBUG=1",
					"$(inherited)",
				);
				GCC_WARN_64_TO_32_BIT_CONVERSION = YES;
				GCC_WARN_ABOUT_RETURN_TYPE = YES_ERROR;
				GCC_WARN_UNDECLARED_SELECTOR = YES;
				GCC_WARN_UNINITIALIZED_AUTOS = YES_AGGRESSIVE;
				GCC_WARN_UNUSED_FUNCTION = YES;
				GCC_WARN_UNUSED_VARIABLE = YES;
				MACOSX_DEPLOYMENT_TARGET = 10.13;
				MTL_ENABLE_DEBUG_INFO = YES;
				ONLY_ACTIVE_ARCH = YES;
				SDKROOT = macosx;
			};
			name = Debug;
		};
		2470EFD62023A2B800AE9CD8 /* Release */ = {
			isa = XCBuildConfiguration;
			buildSettings = {
				ALWAYS_SEARCH_USER_PATHS = NO;
				CLANG_ANALYZER_NONNULL = YES;
				CLANG_ANALYZER_NUMBER_OBJECT_CONVERSION = YES_AGGRESSIVE;
				CLANG_CXX_LANGUAGE_STANDARD = "gnu++14";
				CLANG_CXX_LIBRARY = "libc++";
				CLANG_ENABLE_MODULES = YES;
				CLANG_ENABLE_OBJC_ARC = YES;
				CLANG_WARN_BLOCK_CAPTURE_AUTORELEASING = YES;
				CLANG_WARN_BOOL_CONVERSION = YES;
				CLANG_WARN_COMMA = YES;
				CLANG_WARN_CONSTANT_CONVERSION = YES;
				CLANG_WARN_DIRECT_OBJC_ISA_USAGE = YES_ERROR;
				CLANG_WARN_DOCUMENTATION_COMMENTS = YES;
				CLANG_WARN_EMPTY_BODY = YES;
				CLANG_WARN_ENUM_CONVERSION = YES;
				CLANG_WARN_INFINITE_RECURSION = YES;
				CLANG_WARN_INT_CONVERSION = YES;
				CLANG_WARN_NON_LITERAL_NULL_CONVERSION = YES;
				CLANG_WARN_OBJC_LITERAL_CONVERSION = YES;
				CLANG_WARN_OBJC_ROOT_CLASS = YES_ERROR;
				CLANG_WARN_RANGE_LOOP_ANALYSIS = YES;
				CLANG_WARN_STRICT_PROTOTYPES = YES;
				CLANG_WARN_SUSPICIOUS_MOVE = YES;
				CLANG_WARN_UNGUARDED_AVAILABILITY = YES_AGGRESSIVE;
				CLANG_WARN_UNREACHABLE_CODE = YES;
				CLANG_WARN__DUPLICATE_METHOD_MATCH = YES;
				CODE_SIGN_IDENTITY = "Mac Developer";
				COPY_PHASE_STRIP = NO;
				DEBUG_INFORMATION_FORMAT = "dwarf-with-dsym";
				ENABLE_NS_ASSERTIONS = NO;
				ENABLE_STRICT_OBJC_MSGSEND = YES;
				GCC_C_LANGUAGE_STANDARD = gnu11;
				GCC_NO_COMMON_BLOCKS = YES;
				GCC_WARN_64_TO_32_BIT_CONVERSION = YES;
				GCC_WARN_ABOUT_RETURN_TYPE = YES_ERROR;
				GCC_WARN_UNDECLARED_SELECTOR = YES;
				GCC_WARN_UNINITIALIZED_AUTOS = YES_AGGRESSIVE;
				GCC_WARN_UNUSED_FUNCTION = YES;
				GCC_WARN_UNUSED_VARIABLE = YES;
				MACOSX_DEPLOYMENT_TARGET = 10.13;
				MTL_ENABLE_DEBUG_INFO = NO;
				SDKROOT = macosx;
			};
			name = Release;
		};
		2470EFD82023A2B800AE9CD8 /* Debug */ = {
			isa = XCBuildConfiguration;
			buildSettings = {
				CODE_SIGN_STYLE = Automatic;
				DEVELOPMENT_TEAM = X63VKA93X8;
				PRODUCT_NAME = "$(TARGET_NAME)";
			};
			name = Debug;
		};
		2470EFD92023A2B800AE9CD8 /* Release */ = {
			isa = XCBuildConfiguration;
			buildSettings = {
				CODE_SIGN_STYLE = Automatic;
				DEVELOPMENT_TEAM = X63VKA93X8;
				PRODUCT_NAME = "$(TARGET_NAME)";
			};
			name = Release;
		};
		2470F01B2024BA3D00AE9CD8 /* Debug */ = {
			isa = XCBuildConfiguration;
			buildSettings = {
				CODE_SIGN_IDENTITY = "";
				CODE_SIGN_STYLE = Automatic;
				COMBINE_HIDPI_IMAGES = YES;
				CURRENT_PROJECT_VERSION = 1;
				DEFINES_MODULE = YES;
				DEVELOPMENT_TEAM = X63VKA93X8;
				DYLIB_COMPATIBILITY_VERSION = 1;
				DYLIB_CURRENT_VERSION = 1;
				DYLIB_INSTALL_NAME_BASE = "@rpath";
				FRAMEWORK_VERSION = A;
				INFOPLIST_FILE = PseudoKit/Info.plist;
				INSTALL_PATH = "$(LOCAL_LIBRARY_DIR)/Frameworks";
				LD_RUNPATH_SEARCH_PATHS = "$(inherited) @executable_path/../Frameworks @loader_path/Frameworks";
				PRODUCT_BUNDLE_IDENTIFIER = SteffenRyll.PseudoKit;
				PRODUCT_NAME = "$(TARGET_NAME:c99extidentifier)";
				SKIP_INSTALL = YES;
				VERSIONING_SYSTEM = "apple-generic";
				VERSION_INFO_PREFIX = "";
			};
			name = Debug;
		};
		2470F01C2024BA3D00AE9CD8 /* Release */ = {
			isa = XCBuildConfiguration;
			buildSettings = {
				CODE_SIGN_IDENTITY = "";
				CODE_SIGN_STYLE = Automatic;
				COMBINE_HIDPI_IMAGES = YES;
				CURRENT_PROJECT_VERSION = 1;
				DEFINES_MODULE = YES;
				DEVELOPMENT_TEAM = X63VKA93X8;
				DYLIB_COMPATIBILITY_VERSION = 1;
				DYLIB_CURRENT_VERSION = 1;
				DYLIB_INSTALL_NAME_BASE = "@rpath";
				FRAMEWORK_VERSION = A;
				INFOPLIST_FILE = PseudoKit/Info.plist;
				INSTALL_PATH = "$(LOCAL_LIBRARY_DIR)/Frameworks";
				LD_RUNPATH_SEARCH_PATHS = "$(inherited) @executable_path/../Frameworks @loader_path/Frameworks";
				PRODUCT_BUNDLE_IDENTIFIER = SteffenRyll.PseudoKit;
				PRODUCT_NAME = "$(TARGET_NAME:c99extidentifier)";
				SKIP_INSTALL = YES;
				VERSIONING_SYSTEM = "apple-generic";
				VERSION_INFO_PREFIX = "";
			};
			name = Release;
		};
		2470F01D2024BA3D00AE9CD8 /* Debug */ = {
			isa = XCBuildConfiguration;
			buildSettings = {
				CLANG_ENABLE_MODULES = YES;
				CODE_SIGN_STYLE = Automatic;
				COMBINE_HIDPI_IMAGES = YES;
				DEVELOPMENT_TEAM = X63VKA93X8;
				INFOPLIST_FILE = PseudoKitTests/Info.plist;
				LD_RUNPATH_SEARCH_PATHS = "$(inherited) @executable_path/../Frameworks @loader_path/../Frameworks";
				PRODUCT_BUNDLE_IDENTIFIER = SteffenRyll.PseudoKitTests;
				PRODUCT_NAME = "$(TARGET_NAME)";
				SWIFT_OBJC_BRIDGING_HEADER = "PseudoKitTests/PseudoKitTests-Bridging-Header.h";
				SWIFT_OPTIMIZATION_LEVEL = "-Onone";
				SWIFT_VERSION = 3.0;
			};
			name = Debug;
		};
		2470F01E2024BA3D00AE9CD8 /* Release */ = {
			isa = XCBuildConfiguration;
			buildSettings = {
				CLANG_ENABLE_MODULES = YES;
				CODE_SIGN_STYLE = Automatic;
				COMBINE_HIDPI_IMAGES = YES;
				DEVELOPMENT_TEAM = X63VKA93X8;
				INFOPLIST_FILE = PseudoKitTests/Info.plist;
				LD_RUNPATH_SEARCH_PATHS = "$(inherited) @executable_path/../Frameworks @loader_path/../Frameworks";
				PRODUCT_BUNDLE_IDENTIFIER = SteffenRyll.PseudoKitTests;
				PRODUCT_NAME = "$(TARGET_NAME)";
				SWIFT_OBJC_BRIDGING_HEADER = "PseudoKitTests/PseudoKitTests-Bridging-Header.h";
				SWIFT_VERSION = 3.0;
			};
			name = Release;
		};
/* End XCBuildConfiguration section */

/* Begin XCConfigurationList section */
		2470EFCB2023A2B800AE9CD8 /* Build configuration list for PBXProject "Pseudo" */ = {
			isa = XCConfigurationList;
			buildConfigurations = (
				2470EFD52023A2B800AE9CD8 /* Debug */,
				2470EFD62023A2B800AE9CD8 /* Release */,
			);
			defaultConfigurationIsVisible = 0;
			defaultConfigurationName = Release;
		};
		2470EFD72023A2B800AE9CD8 /* Build configuration list for PBXNativeTarget "Pseudo" */ = {
			isa = XCConfigurationList;
			buildConfigurations = (
				2470EFD82023A2B800AE9CD8 /* Debug */,
				2470EFD92023A2B800AE9CD8 /* Release */,
			);
			defaultConfigurationIsVisible = 0;
			defaultConfigurationName = Release;
		};
		2470F01F2024BA3D00AE9CD8 /* Build configuration list for PBXNativeTarget "PseudoKit" */ = {
			isa = XCConfigurationList;
			buildConfigurations = (
				2470F01B2024BA3D00AE9CD8 /* Debug */,
				2470F01C2024BA3D00AE9CD8 /* Release */,
			);
			defaultConfigurationIsVisible = 0;
			defaultConfigurationName = Release;
		};
		2470F0202024BA3D00AE9CD8 /* Build configuration list for PBXNativeTarget "PseudoKitTests" */ = {
			isa = XCConfigurationList;
			buildConfigurations = (
				2470F01D2024BA3D00AE9CD8 /* Debug */,
				2470F01E2024BA3D00AE9CD8 /* Release */,
			);
			defaultConfigurationIsVisible = 0;
			defaultConfigurationName = Release;
		};
/* End XCConfigurationList section */
	};
	rootObject = 2470EFC82023A2B800AE9CD8 /* Project object */;
}
