// !$*UTF8*$!
{
	archiveVersion = 1;
	classes = {
	};
	objectVersion = 48;
	objects = {

/* Begin PBXBuildFile section */
		240ABDC92028DD6400543C40 /* PseudoKit.framework in Frameworks */ = {isa = PBXBuildFile; fileRef = 2470F00A2024BA3D00AE9CD8 /* PseudoKit.framework */; };
		240ABDCA2028DD6400543C40 /* PseudoKit.framework in Embed Frameworks */ = {isa = PBXBuildFile; fileRef = 2470F00A2024BA3D00AE9CD8 /* PseudoKit.framework */; settings = {ATTRIBUTES = (CodeSignOnCopy, RemoveHeadersOnCopy, ); }; };
		240ABDD42028E21F00543C40 /* PSUnaryOperationNode+Types.h in Headers */ = {isa = PBXBuildFile; fileRef = 240ABDCF2028E21F00543C40 /* PSUnaryOperationNode+Types.h */; settings = {ATTRIBUTES = (Public, ); }; };
		240ABDD52028E21F00543C40 /* PSUnaryOperationTypes.h in Headers */ = {isa = PBXBuildFile; fileRef = 240ABDD02028E21F00543C40 /* PSUnaryOperationTypes.h */; settings = {ATTRIBUTES = (Public, ); }; };
		240ABDD62028E21F00543C40 /* PSUnaryOperationNode.h in Headers */ = {isa = PBXBuildFile; fileRef = 240ABDD12028E21F00543C40 /* PSUnaryOperationNode.h */; settings = {ATTRIBUTES = (Public, ); }; };
		240ABDD72028E21F00543C40 /* PSUnaryOperationNode.m in Sources */ = {isa = PBXBuildFile; fileRef = 240ABDD22028E21F00543C40 /* PSUnaryOperationNode.m */; };
		240ABDD82028E21F00543C40 /* PSUnaryOperationNode+Types.m in Sources */ = {isa = PBXBuildFile; fileRef = 240ABDD32028E21F00543C40 /* PSUnaryOperationNode+Types.m */; };
		240ABDDE2028E3C200543C40 /* PSUnaryOperationNode+JavaScript.h in Headers */ = {isa = PBXBuildFile; fileRef = 240ABDDC2028E3C200543C40 /* PSUnaryOperationNode+JavaScript.h */; };
		240ABDDF2028E3C200543C40 /* PSUnaryOperationNode+JavaScript.m in Sources */ = {isa = PBXBuildFile; fileRef = 240ABDDD2028E3C200543C40 /* PSUnaryOperationNode+JavaScript.m */; };
		240ABDE72028F06D00543C40 /* PSControlFlowTypes.h in Headers */ = {isa = PBXBuildFile; fileRef = 240ABDE22028F06D00543C40 /* PSControlFlowTypes.h */; settings = {ATTRIBUTES = (Public, ); }; };
		240ABDE82028F06D00543C40 /* PSControlFlowNode.m in Sources */ = {isa = PBXBuildFile; fileRef = 240ABDE32028F06D00543C40 /* PSControlFlowNode.m */; };
		240ABDE92028F06D00543C40 /* PSControlFlowNode+Types.h in Headers */ = {isa = PBXBuildFile; fileRef = 240ABDE42028F06D00543C40 /* PSControlFlowNode+Types.h */; settings = {ATTRIBUTES = (Public, ); }; };
		240ABDEA2028F06D00543C40 /* PSControlFlowNode.h in Headers */ = {isa = PBXBuildFile; fileRef = 240ABDE52028F06D00543C40 /* PSControlFlowNode.h */; settings = {ATTRIBUTES = (Public, ); }; };
		240ABDEB2028F06D00543C40 /* PSControlFlowNode+Types.m in Sources */ = {isa = PBXBuildFile; fileRef = 240ABDE62028F06D00543C40 /* PSControlFlowNode+Types.m */; };
		240ABDEE2028F07600543C40 /* PSControlFlowNode+JavaScript.m in Sources */ = {isa = PBXBuildFile; fileRef = 240ABDEC2028F07600543C40 /* PSControlFlowNode+JavaScript.m */; };
		240ABDEF2028F07600543C40 /* PSControlFlowNode+JavaScript.h in Headers */ = {isa = PBXBuildFile; fileRef = 240ABDED2028F07600543C40 /* PSControlFlowNode+JavaScript.h */; settings = {ATTRIBUTES = (Public, ); }; };
		2421AFBD202507260007FC7A /* Constants.h in Headers */ = {isa = PBXBuildFile; fileRef = 2421AFBB202507260007FC7A /* Constants.h */; settings = {ATTRIBUTES = (Public, ); }; };
		2421AFBE202507260007FC7A /* Constants.m in Sources */ = {isa = PBXBuildFile; fileRef = 2421AFBC202507260007FC7A /* Constants.m */; };
		2421AFDE2025F8000007FC7A /* PSLiteralNode.h in Headers */ = {isa = PBXBuildFile; fileRef = 2421AFDC2025F8000007FC7A /* PSLiteralNode.h */; settings = {ATTRIBUTES = (Public, ); }; };
		2421AFDF2025F8000007FC7A /* PSLiteralNode.m in Sources */ = {isa = PBXBuildFile; fileRef = 2421AFDD2025F8000007FC7A /* PSLiteralNode.m */; };
		2470F0132024BA3D00AE9CD8 /* PseudoKit.framework in Frameworks */ = {isa = PBXBuildFile; fileRef = 2470F00A2024BA3D00AE9CD8 /* PseudoKit.framework */; };
		2470F01A2024BA3D00AE9CD8 /* PseudoKit.h in Headers */ = {isa = PBXBuildFile; fileRef = 2470F00C2024BA3D00AE9CD8 /* PseudoKit.h */; settings = {ATTRIBUTES = (Public, ); }; };
		2470F0252024BA7600AE9CD8 /* PSLexer.m in Sources */ = {isa = PBXBuildFile; fileRef = 2470EFDB2023A49500AE9CD8 /* PSLexer.m */; };
		2470F0262024BA7800AE9CD8 /* PSToken.m in Sources */ = {isa = PBXBuildFile; fileRef = 2470EFDE2023A79900AE9CD8 /* PSToken.m */; };
		2470F0272024BA7E00AE9CD8 /* PSParser.m in Sources */ = {isa = PBXBuildFile; fileRef = 244C6C2B20242EC800778B71 /* PSParser.m */; };
		2470F0362024BE0800AE9CD8 /* PSLexer.h in Headers */ = {isa = PBXBuildFile; fileRef = 2470EFDA2023A49500AE9CD8 /* PSLexer.h */; settings = {ATTRIBUTES = (Public, ); }; };
		2470F0372024BE0C00AE9CD8 /* PSParser.h in Headers */ = {isa = PBXBuildFile; fileRef = 244C6C2A20242EC800778B71 /* PSParser.h */; settings = {ATTRIBUTES = (Public, ); }; };
		2470F03A2024BE3100AE9CD8 /* PSToken.h in Headers */ = {isa = PBXBuildFile; fileRef = 2470EFDD2023A79900AE9CD8 /* PSToken.h */; settings = {ATTRIBUTES = (Public, ); }; };
		2470F03B2024BE3300AE9CD8 /* PSTokenTypes.h in Headers */ = {isa = PBXBuildFile; fileRef = 2470EFE02023A7D200AE9CD8 /* PSTokenTypes.h */; settings = {ATTRIBUTES = (Public, ); }; };
		2470F04B2024BF2800AE9CD8 /* PSLexerTests.swift in Sources */ = {isa = PBXBuildFile; fileRef = 2470F04A2024BF2800AE9CD8 /* PSLexerTests.swift */; };
		2471110820273BA300A79633 /* PSToken+Types.h in Headers */ = {isa = PBXBuildFile; fileRef = 2471110620273BA300A79633 /* PSToken+Types.h */; settings = {ATTRIBUTES = (Public, ); }; };
		2471110920273BA300A79633 /* PSToken+Types.m in Sources */ = {isa = PBXBuildFile; fileRef = 2471110720273BA300A79633 /* PSToken+Types.m */; };
		2471110B2027450D00A79633 /* PSReading.h in Headers */ = {isa = PBXBuildFile; fileRef = 2471110A2027450C00A79633 /* PSReading.h */; settings = {ATTRIBUTES = (Public, ); }; };
		2471110E2027458900A79633 /* PSStringReader.h in Headers */ = {isa = PBXBuildFile; fileRef = 2471110C2027458900A79633 /* PSStringReader.h */; settings = {ATTRIBUTES = (Public, ); }; };
		2471110F2027458900A79633 /* PSStringReader.m in Sources */ = {isa = PBXBuildFile; fileRef = 2471110D2027458900A79633 /* PSStringReader.m */; };
		2471111320274A0800A79633 /* PSStringReaderTests.swift in Sources */ = {isa = PBXBuildFile; fileRef = 2471111220274A0800A79633 /* PSStringReaderTests.swift */; };
		2471111520274EBB00A79633 /* PSLexing.h in Headers */ = {isa = PBXBuildFile; fileRef = 2471111420274EBB00A79633 /* PSLexing.h */; settings = {ATTRIBUTES = (Public, ); }; };
		2471111B2027B57F00A79633 /* PSBinaryOperationNode.h in Headers */ = {isa = PBXBuildFile; fileRef = 247111192027B57F00A79633 /* PSBinaryOperationNode.h */; settings = {ATTRIBUTES = (Public, ); }; };
		2471111C2027B57F00A79633 /* PSBinaryOperationNode.m in Sources */ = {isa = PBXBuildFile; fileRef = 2471111A2027B57F00A79633 /* PSBinaryOperationNode.m */; };
		247111212027B60E00A79633 /* PSNode.h in Headers */ = {isa = PBXBuildFile; fileRef = 2471111F2027B60E00A79633 /* PSNode.h */; settings = {ATTRIBUTES = (Public, ); }; };
		247111222027B60E00A79633 /* PSNode.m in Sources */ = {isa = PBXBuildFile; fileRef = 247111202027B60E00A79633 /* PSNode.m */; };
		247111242028827600A79633 /* Macros.h in Headers */ = {isa = PBXBuildFile; fileRef = 2471112320287E0D00A79633 /* Macros.h */; settings = {ATTRIBUTES = (Public, ); }; };
		247111272028887300A79633 /* ParserTests.swift in Sources */ = {isa = PBXBuildFile; fileRef = 247111262028887300A79633 /* ParserTests.swift */; };
		2471112A2028959500A79633 /* PSJavaScriptTranspilable.h in Headers */ = {isa = PBXBuildFile; fileRef = 2470EFF22024874F00AE9CD8 /* PSJavaScriptTranspilable.h */; settings = {ATTRIBUTES = (Public, ); }; };
		2471112D2028968500A79633 /* PSNode+JavaScript.h in Headers */ = {isa = PBXBuildFile; fileRef = 2471112B2028968500A79633 /* PSNode+JavaScript.h */; settings = {ATTRIBUTES = (Public, ); }; };
		2471112E2028968500A79633 /* PSNode+JavaScript.m in Sources */ = {isa = PBXBuildFile; fileRef = 2471112C2028968500A79633 /* PSNode+JavaScript.m */; };
		247111312028977100A79633 /* PSBinaryOperationNode+JavaScript.h in Headers */ = {isa = PBXBuildFile; fileRef = 2471112F2028977100A79633 /* PSBinaryOperationNode+JavaScript.h */; settings = {ATTRIBUTES = (Public, ); }; };
		247111322028977100A79633 /* PSBinaryOperationNode+JavaScript.m in Sources */ = {isa = PBXBuildFile; fileRef = 247111302028977100A79633 /* PSBinaryOperationNode+JavaScript.m */; };
		24711135202897E200A79633 /* PSLiteralNode+JavaScript.h in Headers */ = {isa = PBXBuildFile; fileRef = 24711133202897E200A79633 /* PSLiteralNode+JavaScript.h */; settings = {ATTRIBUTES = (Public, ); }; };
		24711136202897E200A79633 /* PSLiteralNode+JavaScript.m in Sources */ = {isa = PBXBuildFile; fileRef = 24711134202897E200A79633 /* PSLiteralNode+JavaScript.m */; };
		2471113A20289A6700A79633 /* PSJavaScriptInterpreter.h in Headers */ = {isa = PBXBuildFile; fileRef = 2471113820289A6700A79633 /* PSJavaScriptInterpreter.h */; settings = {ATTRIBUTES = (Public, ); }; };
		2471113B20289A6700A79633 /* PSJavaScriptInterpreter.m in Sources */ = {isa = PBXBuildFile; fileRef = 2471113920289A6700A79633 /* PSJavaScriptInterpreter.m */; };
		2471113F2028AAF000A79633 /* PSREPL.h in Headers */ = {isa = PBXBuildFile; fileRef = 2471113D2028AAF000A79633 /* PSREPL.h */; settings = {ATTRIBUTES = (Public, ); }; };
		247111402028AAF000A79633 /* PSREPL.m in Sources */ = {isa = PBXBuildFile; fileRef = 2471113E2028AAF000A79633 /* PSREPL.m */; };
		247111422028AC1300A79633 /* PSInterpreting.h in Headers */ = {isa = PBXBuildFile; fileRef = 247111412028AC1300A79633 /* PSInterpreting.h */; settings = {ATTRIBUTES = (Public, ); }; };
		247111462028B40400A79633 /* PSBinaryOperationTypes.h in Headers */ = {isa = PBXBuildFile; fileRef = 247111452028B40400A79633 /* PSBinaryOperationTypes.h */; settings = {ATTRIBUTES = (Public, ); }; };
		247111492028B6E300A79633 /* PSBinaryOperationNode+Types.h in Headers */ = {isa = PBXBuildFile; fileRef = 247111472028B6E300A79633 /* PSBinaryOperationNode+Types.h */; settings = {ATTRIBUTES = (Public, ); }; };
		2471114A2028B6E300A79633 /* PSBinaryOperationNode+Types.m in Sources */ = {isa = PBXBuildFile; fileRef = 247111482028B6E300A79633 /* PSBinaryOperationNode+Types.m */; };
		2471114E2028BB0800A79633 /* PSLiteralNode+Types.h in Headers */ = {isa = PBXBuildFile; fileRef = 2471114C2028BB0800A79633 /* PSLiteralNode+Types.h */; settings = {ATTRIBUTES = (Public, ); }; };
		2471114F2028BB0800A79633 /* PSLiteralNode+Types.m in Sources */ = {isa = PBXBuildFile; fileRef = 2471114D2028BB0800A79633 /* PSLiteralNode+Types.m */; };
		247111512028BE2E00A79633 /* PSLiteralTypes.h in Headers */ = {isa = PBXBuildFile; fileRef = 247111502028BB2B00A79633 /* PSLiteralTypes.h */; settings = {ATTRIBUTES = (Public, ); }; };
		247111722028DC9D00A79633 /* main.m in Sources */ = {isa = PBXBuildFile; fileRef = 247111712028DC9D00A79633 /* main.m */; };
		24DA62FB2024CA880087839C /* PSTokenTests.swift in Sources */ = {isa = PBXBuildFile; fileRef = 24DA62FA2024CA880087839C /* PSTokenTests.swift */; };
/* End PBXBuildFile section */

/* Begin PBXContainerItemProxy section */
		240ABDCB2028DD6400543C40 /* PBXContainerItemProxy */ = {
			isa = PBXContainerItemProxy;
			containerPortal = 2470EFC82023A2B800AE9CD8 /* Project object */;
			proxyType = 1;
			remoteGlobalIDString = 2470F0092024BA3D00AE9CD8;
			remoteInfo = PseudoKit;
		};
		2470F0142024BA3D00AE9CD8 /* PBXContainerItemProxy */ = {
			isa = PBXContainerItemProxy;
			containerPortal = 2470EFC82023A2B800AE9CD8 /* Project object */;
			proxyType = 1;
			remoteGlobalIDString = 2470F0092024BA3D00AE9CD8;
			remoteInfo = PseudoKit;
		};
/* End PBXContainerItemProxy section */

/* Begin PBXCopyFilesBuildPhase section */
		240ABDCD2028DD6400543C40 /* Embed Frameworks */ = {
			isa = PBXCopyFilesBuildPhase;
			buildActionMask = 2147483647;
			dstPath = "";
			dstSubfolderSpec = 10;
			files = (
				240ABDCA2028DD6400543C40 /* PseudoKit.framework in Embed Frameworks */,
			);
			name = "Embed Frameworks";
			runOnlyForDeploymentPostprocessing = 0;
		};
/* End PBXCopyFilesBuildPhase section */

/* Begin PBXFileReference section */
		240ABDCF2028E21F00543C40 /* PSUnaryOperationNode+Types.h */ = {isa = PBXFileReference; fileEncoding = 4; lastKnownFileType = sourcecode.c.h; path = "PSUnaryOperationNode+Types.h"; sourceTree = "<group>"; };
		240ABDD02028E21F00543C40 /* PSUnaryOperationTypes.h */ = {isa = PBXFileReference; fileEncoding = 4; lastKnownFileType = sourcecode.c.h; path = PSUnaryOperationTypes.h; sourceTree = "<group>"; };
		240ABDD12028E21F00543C40 /* PSUnaryOperationNode.h */ = {isa = PBXFileReference; fileEncoding = 4; lastKnownFileType = sourcecode.c.h; path = PSUnaryOperationNode.h; sourceTree = "<group>"; };
		240ABDD22028E21F00543C40 /* PSUnaryOperationNode.m */ = {isa = PBXFileReference; fileEncoding = 4; lastKnownFileType = sourcecode.c.objc; path = PSUnaryOperationNode.m; sourceTree = "<group>"; };
		240ABDD32028E21F00543C40 /* PSUnaryOperationNode+Types.m */ = {isa = PBXFileReference; fileEncoding = 4; lastKnownFileType = sourcecode.c.objc; path = "PSUnaryOperationNode+Types.m"; sourceTree = "<group>"; };
		240ABDDC2028E3C200543C40 /* PSUnaryOperationNode+JavaScript.h */ = {isa = PBXFileReference; fileEncoding = 4; lastKnownFileType = sourcecode.c.h; path = "PSUnaryOperationNode+JavaScript.h"; sourceTree = "<group>"; };
		240ABDDD2028E3C200543C40 /* PSUnaryOperationNode+JavaScript.m */ = {isa = PBXFileReference; fileEncoding = 4; lastKnownFileType = sourcecode.c.objc; path = "PSUnaryOperationNode+JavaScript.m"; sourceTree = "<group>"; };
		240ABDE22028F06D00543C40 /* PSControlFlowTypes.h */ = {isa = PBXFileReference; fileEncoding = 4; lastKnownFileType = sourcecode.c.h; path = PSControlFlowTypes.h; sourceTree = "<group>"; };
		240ABDE32028F06D00543C40 /* PSControlFlowNode.m */ = {isa = PBXFileReference; fileEncoding = 4; lastKnownFileType = sourcecode.c.objc; path = PSControlFlowNode.m; sourceTree = "<group>"; };
		240ABDE42028F06D00543C40 /* PSControlFlowNode+Types.h */ = {isa = PBXFileReference; fileEncoding = 4; lastKnownFileType = sourcecode.c.h; path = "PSControlFlowNode+Types.h"; sourceTree = "<group>"; };
		240ABDE52028F06D00543C40 /* PSControlFlowNode.h */ = {isa = PBXFileReference; fileEncoding = 4; lastKnownFileType = sourcecode.c.h; path = PSControlFlowNode.h; sourceTree = "<group>"; };
		240ABDE62028F06D00543C40 /* PSControlFlowNode+Types.m */ = {isa = PBXFileReference; fileEncoding = 4; lastKnownFileType = sourcecode.c.objc; path = "PSControlFlowNode+Types.m"; sourceTree = "<group>"; };
		240ABDEC2028F07600543C40 /* PSControlFlowNode+JavaScript.m */ = {isa = PBXFileReference; fileEncoding = 4; lastKnownFileType = sourcecode.c.objc; path = "PSControlFlowNode+JavaScript.m"; sourceTree = "<group>"; };
		240ABDED2028F07600543C40 /* PSControlFlowNode+JavaScript.h */ = {isa = PBXFileReference; fileEncoding = 4; lastKnownFileType = sourcecode.c.h; path = "PSControlFlowNode+JavaScript.h"; sourceTree = "<group>"; };
		2421AFBB202507260007FC7A /* Constants.h */ = {isa = PBXFileReference; lastKnownFileType = sourcecode.c.h; path = Constants.h; sourceTree = "<group>"; };
		2421AFBC202507260007FC7A /* Constants.m */ = {isa = PBXFileReference; lastKnownFileType = sourcecode.c.objc; path = Constants.m; sourceTree = "<group>"; };
		2421AFDC2025F8000007FC7A /* PSLiteralNode.h */ = {isa = PBXFileReference; lastKnownFileType = sourcecode.c.h; path = PSLiteralNode.h; sourceTree = "<group>"; };
		2421AFDD2025F8000007FC7A /* PSLiteralNode.m */ = {isa = PBXFileReference; lastKnownFileType = sourcecode.c.objc; path = PSLiteralNode.m; sourceTree = "<group>"; };
		244C6C2A20242EC800778B71 /* PSParser.h */ = {isa = PBXFileReference; lastKnownFileType = sourcecode.c.h; path = PSParser.h; sourceTree = "<group>"; };
		244C6C2B20242EC800778B71 /* PSParser.m */ = {isa = PBXFileReference; lastKnownFileType = sourcecode.c.objc; path = PSParser.m; sourceTree = "<group>"; };
		2470EFDA2023A49500AE9CD8 /* PSLexer.h */ = {isa = PBXFileReference; lastKnownFileType = sourcecode.c.h; path = PSLexer.h; sourceTree = "<group>"; };
		2470EFDB2023A49500AE9CD8 /* PSLexer.m */ = {isa = PBXFileReference; lastKnownFileType = sourcecode.c.objc; path = PSLexer.m; sourceTree = "<group>"; };
		2470EFDD2023A79900AE9CD8 /* PSToken.h */ = {isa = PBXFileReference; lastKnownFileType = sourcecode.c.h; path = PSToken.h; sourceTree = "<group>"; };
		2470EFDE2023A79900AE9CD8 /* PSToken.m */ = {isa = PBXFileReference; lastKnownFileType = sourcecode.c.objc; path = PSToken.m; sourceTree = "<group>"; };
		2470EFE02023A7D200AE9CD8 /* PSTokenTypes.h */ = {isa = PBXFileReference; lastKnownFileType = sourcecode.c.h; path = PSTokenTypes.h; sourceTree = "<group>"; };
		2470EFF22024874F00AE9CD8 /* PSJavaScriptTranspilable.h */ = {isa = PBXFileReference; lastKnownFileType = sourcecode.c.h; path = PSJavaScriptTranspilable.h; sourceTree = "<group>"; };
		2470F00A2024BA3D00AE9CD8 /* PseudoKit.framework */ = {isa = PBXFileReference; explicitFileType = wrapper.framework; includeInIndex = 0; path = PseudoKit.framework; sourceTree = BUILT_PRODUCTS_DIR; };
		2470F00C2024BA3D00AE9CD8 /* PseudoKit.h */ = {isa = PBXFileReference; lastKnownFileType = sourcecode.c.h; path = PseudoKit.h; sourceTree = "<group>"; };
		2470F00D2024BA3D00AE9CD8 /* Info.plist */ = {isa = PBXFileReference; lastKnownFileType = text.plist.xml; path = Info.plist; sourceTree = "<group>"; };
		2470F0122024BA3D00AE9CD8 /* PseudoKitTests.xctest */ = {isa = PBXFileReference; explicitFileType = wrapper.cfbundle; includeInIndex = 0; path = PseudoKitTests.xctest; sourceTree = BUILT_PRODUCTS_DIR; };
		2470F0192024BA3D00AE9CD8 /* Info.plist */ = {isa = PBXFileReference; lastKnownFileType = text.plist.xml; path = Info.plist; sourceTree = "<group>"; };
		2470F0492024BF2700AE9CD8 /* PseudoKitTests-Bridging-Header.h */ = {isa = PBXFileReference; lastKnownFileType = sourcecode.c.h; path = "PseudoKitTests-Bridging-Header.h"; sourceTree = "<group>"; };
		2470F04A2024BF2800AE9CD8 /* PSLexerTests.swift */ = {isa = PBXFileReference; lastKnownFileType = sourcecode.swift; path = PSLexerTests.swift; sourceTree = "<group>"; };
		2471110620273BA300A79633 /* PSToken+Types.h */ = {isa = PBXFileReference; lastKnownFileType = sourcecode.c.h; path = "PSToken+Types.h"; sourceTree = "<group>"; };
		2471110720273BA300A79633 /* PSToken+Types.m */ = {isa = PBXFileReference; lastKnownFileType = sourcecode.c.objc; path = "PSToken+Types.m"; sourceTree = "<group>"; };
		2471110A2027450C00A79633 /* PSReading.h */ = {isa = PBXFileReference; lastKnownFileType = sourcecode.c.h; path = PSReading.h; sourceTree = "<group>"; };
		2471110C2027458900A79633 /* PSStringReader.h */ = {isa = PBXFileReference; lastKnownFileType = sourcecode.c.h; path = PSStringReader.h; sourceTree = "<group>"; };
		2471110D2027458900A79633 /* PSStringReader.m */ = {isa = PBXFileReference; lastKnownFileType = sourcecode.c.objc; path = PSStringReader.m; sourceTree = "<group>"; };
		2471111220274A0800A79633 /* PSStringReaderTests.swift */ = {isa = PBXFileReference; lastKnownFileType = sourcecode.swift; path = PSStringReaderTests.swift; sourceTree = "<group>"; };
		2471111420274EBB00A79633 /* PSLexing.h */ = {isa = PBXFileReference; lastKnownFileType = sourcecode.c.h; path = PSLexing.h; sourceTree = "<group>"; };
		247111192027B57F00A79633 /* PSBinaryOperationNode.h */ = {isa = PBXFileReference; lastKnownFileType = sourcecode.c.h; path = PSBinaryOperationNode.h; sourceTree = "<group>"; };
		2471111A2027B57F00A79633 /* PSBinaryOperationNode.m */ = {isa = PBXFileReference; lastKnownFileType = sourcecode.c.objc; path = PSBinaryOperationNode.m; sourceTree = "<group>"; };
		2471111F2027B60E00A79633 /* PSNode.h */ = {isa = PBXFileReference; lastKnownFileType = sourcecode.c.h; path = PSNode.h; sourceTree = "<group>"; };
		247111202027B60E00A79633 /* PSNode.m */ = {isa = PBXFileReference; lastKnownFileType = sourcecode.c.objc; path = PSNode.m; sourceTree = "<group>"; };
		2471112320287E0D00A79633 /* Macros.h */ = {isa = PBXFileReference; lastKnownFileType = sourcecode.c.h; path = Macros.h; sourceTree = "<group>"; };
		247111262028887300A79633 /* ParserTests.swift */ = {isa = PBXFileReference; lastKnownFileType = sourcecode.swift; path = ParserTests.swift; sourceTree = "<group>"; };
		2471112B2028968500A79633 /* PSNode+JavaScript.h */ = {isa = PBXFileReference; lastKnownFileType = sourcecode.c.h; path = "PSNode+JavaScript.h"; sourceTree = "<group>"; };
		2471112C2028968500A79633 /* PSNode+JavaScript.m */ = {isa = PBXFileReference; lastKnownFileType = sourcecode.c.objc; path = "PSNode+JavaScript.m"; sourceTree = "<group>"; };
		2471112F2028977100A79633 /* PSBinaryOperationNode+JavaScript.h */ = {isa = PBXFileReference; lastKnownFileType = sourcecode.c.h; path = "PSBinaryOperationNode+JavaScript.h"; sourceTree = "<group>"; };
		247111302028977100A79633 /* PSBinaryOperationNode+JavaScript.m */ = {isa = PBXFileReference; lastKnownFileType = sourcecode.c.objc; path = "PSBinaryOperationNode+JavaScript.m"; sourceTree = "<group>"; };
		24711133202897E200A79633 /* PSLiteralNode+JavaScript.h */ = {isa = PBXFileReference; lastKnownFileType = sourcecode.c.h; path = "PSLiteralNode+JavaScript.h"; sourceTree = "<group>"; };
		24711134202897E200A79633 /* PSLiteralNode+JavaScript.m */ = {isa = PBXFileReference; lastKnownFileType = sourcecode.c.objc; path = "PSLiteralNode+JavaScript.m"; sourceTree = "<group>"; };
		2471113820289A6700A79633 /* PSJavaScriptInterpreter.h */ = {isa = PBXFileReference; lastKnownFileType = sourcecode.c.h; path = PSJavaScriptInterpreter.h; sourceTree = "<group>"; };
		2471113920289A6700A79633 /* PSJavaScriptInterpreter.m */ = {isa = PBXFileReference; lastKnownFileType = sourcecode.c.objc; path = PSJavaScriptInterpreter.m; sourceTree = "<group>"; };
		2471113D2028AAF000A79633 /* PSREPL.h */ = {isa = PBXFileReference; lastKnownFileType = sourcecode.c.h; path = PSREPL.h; sourceTree = "<group>"; };
		2471113E2028AAF000A79633 /* PSREPL.m */ = {isa = PBXFileReference; lastKnownFileType = sourcecode.c.objc; path = PSREPL.m; sourceTree = "<group>"; };
		247111412028AC1300A79633 /* PSInterpreting.h */ = {isa = PBXFileReference; lastKnownFileType = sourcecode.c.h; path = PSInterpreting.h; sourceTree = "<group>"; };
		247111452028B40400A79633 /* PSBinaryOperationTypes.h */ = {isa = PBXFileReference; lastKnownFileType = sourcecode.c.h; path = PSBinaryOperationTypes.h; sourceTree = "<group>"; };
		247111472028B6E300A79633 /* PSBinaryOperationNode+Types.h */ = {isa = PBXFileReference; lastKnownFileType = sourcecode.c.h; path = "PSBinaryOperationNode+Types.h"; sourceTree = "<group>"; };
		247111482028B6E300A79633 /* PSBinaryOperationNode+Types.m */ = {isa = PBXFileReference; lastKnownFileType = sourcecode.c.objc; path = "PSBinaryOperationNode+Types.m"; sourceTree = "<group>"; };
		2471114C2028BB0800A79633 /* PSLiteralNode+Types.h */ = {isa = PBXFileReference; lastKnownFileType = sourcecode.c.h; path = "PSLiteralNode+Types.h"; sourceTree = "<group>"; };
		2471114D2028BB0800A79633 /* PSLiteralNode+Types.m */ = {isa = PBXFileReference; lastKnownFileType = sourcecode.c.objc; path = "PSLiteralNode+Types.m"; sourceTree = "<group>"; };
		247111502028BB2B00A79633 /* PSLiteralTypes.h */ = {isa = PBXFileReference; lastKnownFileType = sourcecode.c.h; path = PSLiteralTypes.h; sourceTree = "<group>"; };
		247111662028DC9D00A79633 /* Pseudo.app */ = {isa = PBXFileReference; explicitFileType = wrapper.application; includeInIndex = 0; path = Pseudo.app; sourceTree = BUILT_PRODUCTS_DIR; };
		247111702028DC9D00A79633 /* Info.plist */ = {isa = PBXFileReference; lastKnownFileType = text.plist.xml; path = Info.plist; sourceTree = "<group>"; };
		247111712028DC9D00A79633 /* main.m */ = {isa = PBXFileReference; lastKnownFileType = sourcecode.c.objc; path = main.m; sourceTree = "<group>"; };
		247111732028DC9D00A79633 /* Pseudo.entitlements */ = {isa = PBXFileReference; lastKnownFileType = text.plist.entitlements; path = Pseudo.entitlements; sourceTree = "<group>"; };
		24DA62FA2024CA880087839C /* PSTokenTests.swift */ = {isa = PBXFileReference; lastKnownFileType = sourcecode.swift; path = PSTokenTests.swift; sourceTree = "<group>"; };
/* End PBXFileReference section */

/* Begin PBXFrameworksBuildPhase section */
		2470F0062024BA3D00AE9CD8 /* Frameworks */ = {
			isa = PBXFrameworksBuildPhase;
			buildActionMask = 2147483647;
			files = (
			);
			runOnlyForDeploymentPostprocessing = 0;
		};
		2470F00F2024BA3D00AE9CD8 /* Frameworks */ = {
			isa = PBXFrameworksBuildPhase;
			buildActionMask = 2147483647;
			files = (
				2470F0132024BA3D00AE9CD8 /* PseudoKit.framework in Frameworks */,
			);
			runOnlyForDeploymentPostprocessing = 0;
		};
		247111632028DC9D00A79633 /* Frameworks */ = {
			isa = PBXFrameworksBuildPhase;
			buildActionMask = 2147483647;
			files = (
				240ABDC92028DD6400543C40 /* PseudoKit.framework in Frameworks */,
			);
			runOnlyForDeploymentPostprocessing = 0;
		};
/* End PBXFrameworksBuildPhase section */

/* Begin PBXGroup section */
		240ABDCE2028E1DA00543C40 /* UnaryOperation */ = {
			isa = PBXGroup;
			children = (
				240ABDD12028E21F00543C40 /* PSUnaryOperationNode.h */,
				240ABDD22028E21F00543C40 /* PSUnaryOperationNode.m */,
				240ABDCF2028E21F00543C40 /* PSUnaryOperationNode+Types.h */,
				240ABDD32028E21F00543C40 /* PSUnaryOperationNode+Types.m */,
				240ABDD02028E21F00543C40 /* PSUnaryOperationTypes.h */,
			);
			path = UnaryOperation;
			sourceTree = "<group>";
		};
		240ABDD92028E38200543C40 /* BinaryOperation */ = {
			isa = PBXGroup;
			children = (
				2471112F2028977100A79633 /* PSBinaryOperationNode+JavaScript.h */,
				247111302028977100A79633 /* PSBinaryOperationNode+JavaScript.m */,
			);
			path = BinaryOperation;
			sourceTree = "<group>";
		};
		240ABDDA2028E38A00543C40 /* UnaryOperation */ = {
			isa = PBXGroup;
			children = (
				240ABDDC2028E3C200543C40 /* PSUnaryOperationNode+JavaScript.h */,
				240ABDDD2028E3C200543C40 /* PSUnaryOperationNode+JavaScript.m */,
			);
			path = UnaryOperation;
			sourceTree = "<group>";
		};
		240ABDDB2028E39100543C40 /* Literal */ = {
			isa = PBXGroup;
			children = (
				24711133202897E200A79633 /* PSLiteralNode+JavaScript.h */,
				24711134202897E200A79633 /* PSLiteralNode+JavaScript.m */,
			);
			path = Literal;
			sourceTree = "<group>";
		};
		240ABDE02028EFB700543C40 /* ControlFlow */ = {
			isa = PBXGroup;
			children = (
				240ABDED2028F07600543C40 /* PSControlFlowNode+JavaScript.h */,
				240ABDEC2028F07600543C40 /* PSControlFlowNode+JavaScript.m */,
			);
			path = ControlFlow;
			sourceTree = "<group>";
		};
		240ABDE12028F00600543C40 /* ControlFlow */ = {
			isa = PBXGroup;
			children = (
				240ABDE52028F06D00543C40 /* PSControlFlowNode.h */,
				240ABDE32028F06D00543C40 /* PSControlFlowNode.m */,
				240ABDE42028F06D00543C40 /* PSControlFlowNode+Types.h */,
				240ABDE62028F06D00543C40 /* PSControlFlowNode+Types.m */,
				240ABDE22028F06D00543C40 /* PSControlFlowTypes.h */,
			);
			path = ControlFlow;
			sourceTree = "<group>";
		};
		244C6C392024650F00778B71 /* Lexer */ = {
			isa = PBXGroup;
			children = (
				2471111420274EBB00A79633 /* PSLexing.h */,
				2470EFDA2023A49500AE9CD8 /* PSLexer.h */,
				2470EFDB2023A49500AE9CD8 /* PSLexer.m */,
				2470EFDD2023A79900AE9CD8 /* PSToken.h */,
				2470EFDE2023A79900AE9CD8 /* PSToken.m */,
				2471110620273BA300A79633 /* PSToken+Types.h */,
				2471110720273BA300A79633 /* PSToken+Types.m */,
				2470EFE02023A7D200AE9CD8 /* PSTokenTypes.h */,
			);
			path = Lexer;
			sourceTree = "<group>";
		};
		244C6C3A2024651600778B71 /* Parser */ = {
			isa = PBXGroup;
			children = (
				244C6C2A20242EC800778B71 /* PSParser.h */,
				244C6C2B20242EC800778B71 /* PSParser.m */,
			);
			path = Parser;
			sourceTree = "<group>";
		};
		244C6C3D2024654800778B71 /* Nodes */ = {
			isa = PBXGroup;
			children = (
				2471114B2028BAE500A79633 /* Literal */,
				247110F9202710E800A79633 /* BinaryOperation */,
				240ABDCE2028E1DA00543C40 /* UnaryOperation */,
				240ABDE12028F00600543C40 /* ControlFlow */,
				2471111F2027B60E00A79633 /* PSNode.h */,
				247111202027B60E00A79633 /* PSNode.m */,
			);
			path = Nodes;
			sourceTree = "<group>";
		};
		2470EFC72023A2B800AE9CD8 = {
			isa = PBXGroup;
			children = (
				247111672028DC9D00A79633 /* Pseudo */,
				2470F00B2024BA3D00AE9CD8 /* PseudoKit */,
				2470F0162024BA3D00AE9CD8 /* PseudoKitTests */,
				2470EFD12023A2B800AE9CD8 /* Products */,
				2470F0212024BA5500AE9CD8 /* Frameworks */,
			);
			sourceTree = "<group>";
		};
		2470EFD12023A2B800AE9CD8 /* Products */ = {
			isa = PBXGroup;
			children = (
				2470F00A2024BA3D00AE9CD8 /* PseudoKit.framework */,
				2470F0122024BA3D00AE9CD8 /* PseudoKitTests.xctest */,
				247111662028DC9D00A79633 /* Pseudo.app */,
			);
			name = Products;
			sourceTree = "<group>";
		};
		2470EFEB202486AE00AE9CD8 /* Nodes */ = {
			isa = PBXGroup;
			children = (
				240ABDDB2028E39100543C40 /* Literal */,
				240ABDD92028E38200543C40 /* BinaryOperation */,
				240ABDDA2028E38A00543C40 /* UnaryOperation */,
				240ABDE02028EFB700543C40 /* ControlFlow */,
				2471112B2028968500A79633 /* PSNode+JavaScript.h */,
				2471112C2028968500A79633 /* PSNode+JavaScript.m */,
			);
			path = Nodes;
			sourceTree = "<group>";
		};
		2470F00B2024BA3D00AE9CD8 /* PseudoKit */ = {
			isa = PBXGroup;
			children = (
				247111102027459100A79633 /* Reader */,
				244C6C392024650F00778B71 /* Lexer */,
				244C6C3D2024654800778B71 /* Nodes */,
				244C6C3A2024651600778B71 /* Parser */,
				2471113720289A4700A79633 /* Interpreter */,
				247111442028AD1000A79633 /* REPL */,
				2421AFBB202507260007FC7A /* Constants.h */,
				2421AFBC202507260007FC7A /* Constants.m */,
				2471112320287E0D00A79633 /* Macros.h */,
				2470F00C2024BA3D00AE9CD8 /* PseudoKit.h */,
				2470F00D2024BA3D00AE9CD8 /* Info.plist */,
			);
			path = PseudoKit;
			sourceTree = "<group>";
		};
		2470F0162024BA3D00AE9CD8 /* PseudoKitTests */ = {
			isa = PBXGroup;
			children = (
				24711111202749F000A79633 /* Reader */,
				2470F04C2024BF2C00AE9CD8 /* Lexer */,
				247111252028886200A79633 /* Parser */,
				2470F0192024BA3D00AE9CD8 /* Info.plist */,
				2470F0492024BF2700AE9CD8 /* PseudoKitTests-Bridging-Header.h */,
			);
			path = PseudoKitTests;
			sourceTree = "<group>";
		};
		2470F0212024BA5500AE9CD8 /* Frameworks */ = {
			isa = PBXGroup;
			children = (
			);
			name = Frameworks;
			sourceTree = "<group>";
		};
		2470F04C2024BF2C00AE9CD8 /* Lexer */ = {
			isa = PBXGroup;
			children = (
				2470F04A2024BF2800AE9CD8 /* PSLexerTests.swift */,
				24DA62FA2024CA880087839C /* PSTokenTests.swift */,
			);
			path = Lexer;
			sourceTree = "<group>";
		};
		247110F9202710E800A79633 /* BinaryOperation */ = {
			isa = PBXGroup;
			children = (
				247111452028B40400A79633 /* PSBinaryOperationTypes.h */,
				247111192027B57F00A79633 /* PSBinaryOperationNode.h */,
				2471111A2027B57F00A79633 /* PSBinaryOperationNode.m */,
				247111472028B6E300A79633 /* PSBinaryOperationNode+Types.h */,
				247111482028B6E300A79633 /* PSBinaryOperationNode+Types.m */,
			);
			path = BinaryOperation;
			sourceTree = "<group>";
		};
		247111102027459100A79633 /* Reader */ = {
			isa = PBXGroup;
			children = (
				2471110A2027450C00A79633 /* PSReading.h */,
				2471110C2027458900A79633 /* PSStringReader.h */,
				2471110D2027458900A79633 /* PSStringReader.m */,
			);
			path = Reader;
			sourceTree = "<group>";
		};
		24711111202749F000A79633 /* Reader */ = {
			isa = PBXGroup;
			children = (
				2471111220274A0800A79633 /* PSStringReaderTests.swift */,
			);
			path = Reader;
			sourceTree = "<group>";
		};
		247111252028886200A79633 /* Parser */ = {
			isa = PBXGroup;
			children = (
				247111262028887300A79633 /* ParserTests.swift */,
			);
			path = Parser;
			sourceTree = "<group>";
		};
		2471113720289A4700A79633 /* Interpreter */ = {
			isa = PBXGroup;
			children = (
				247111432028AC1C00A79633 /* JavaScript */,
				247111412028AC1300A79633 /* PSInterpreting.h */,
			);
			path = Interpreter;
			sourceTree = "<group>";
		};
		247111432028AC1C00A79633 /* JavaScript */ = {
			isa = PBXGroup;
			children = (
				2470EFEB202486AE00AE9CD8 /* Nodes */,
				2470EFF22024874F00AE9CD8 /* PSJavaScriptTranspilable.h */,
				2471113820289A6700A79633 /* PSJavaScriptInterpreter.h */,
				2471113920289A6700A79633 /* PSJavaScriptInterpreter.m */,
			);
			path = JavaScript;
			sourceTree = "<group>";
		};
		247111442028AD1000A79633 /* REPL */ = {
			isa = PBXGroup;
			children = (
				2471113D2028AAF000A79633 /* PSREPL.h */,
				2471113E2028AAF000A79633 /* PSREPL.m */,
			);
			path = REPL;
			sourceTree = "<group>";
		};
		2471114B2028BAE500A79633 /* Literal */ = {
			isa = PBXGroup;
			children = (
				247111502028BB2B00A79633 /* PSLiteralTypes.h */,
				2421AFDC2025F8000007FC7A /* PSLiteralNode.h */,
				2421AFDD2025F8000007FC7A /* PSLiteralNode.m */,
				2471114C2028BB0800A79633 /* PSLiteralNode+Types.h */,
				2471114D2028BB0800A79633 /* PSLiteralNode+Types.m */,
			);
			path = Literal;
			sourceTree = "<group>";
		};
		247111672028DC9D00A79633 /* Pseudo */ = {
			isa = PBXGroup;
			children = (
				247111712028DC9D00A79633 /* main.m */,
				247111702028DC9D00A79633 /* Info.plist */,
				247111732028DC9D00A79633 /* Pseudo.entitlements */,
			);
			path = Pseudo;
			sourceTree = "<group>";
		};
/* End PBXGroup section */

/* Begin PBXHeadersBuildPhase section */
		2470F0072024BA3D00AE9CD8 /* Headers */ = {
			isa = PBXHeadersBuildPhase;
			buildActionMask = 2147483647;
			files = (
				2471111B2027B57F00A79633 /* PSBinaryOperationNode.h in Headers */,
				240ABDD62028E21F00543C40 /* PSUnaryOperationNode.h in Headers */,
				247111512028BE2E00A79633 /* PSLiteralTypes.h in Headers */,
				2471110B2027450D00A79633 /* PSReading.h in Headers */,
				2470F01A2024BA3D00AE9CD8 /* PseudoKit.h in Headers */,
				2470F0362024BE0800AE9CD8 /* PSLexer.h in Headers */,
				2470F0372024BE0C00AE9CD8 /* PSParser.h in Headers */,
				240ABDDE2028E3C200543C40 /* PSUnaryOperationNode+JavaScript.h in Headers */,
				247111212027B60E00A79633 /* PSNode.h in Headers */,
				240ABDEF2028F07600543C40 /* PSControlFlowNode+JavaScript.h in Headers */,
				2470F03A2024BE3100AE9CD8 /* PSToken.h in Headers */,
				240ABDE92028F06D00543C40 /* PSControlFlowNode+Types.h in Headers */,
				240ABDEA2028F06D00543C40 /* PSControlFlowNode.h in Headers */,
				2470F03B2024BE3300AE9CD8 /* PSTokenTypes.h in Headers */,
				2471112D2028968500A79633 /* PSNode+JavaScript.h in Headers */,
				2471114E2028BB0800A79633 /* PSLiteralNode+Types.h in Headers */,
				2471111520274EBB00A79633 /* PSLexing.h in Headers */,
				240ABDD52028E21F00543C40 /* PSUnaryOperationTypes.h in Headers */,
				2421AFBD202507260007FC7A /* Constants.h in Headers */,
				240ABDD42028E21F00543C40 /* PSUnaryOperationNode+Types.h in Headers */,
				2421AFDE2025F8000007FC7A /* PSLiteralNode.h in Headers */,
				247111242028827600A79633 /* Macros.h in Headers */,
				2471112A2028959500A79633 /* PSJavaScriptTranspilable.h in Headers */,
				247111422028AC1300A79633 /* PSInterpreting.h in Headers */,
				247111312028977100A79633 /* PSBinaryOperationNode+JavaScript.h in Headers */,
				2471110820273BA300A79633 /* PSToken+Types.h in Headers */,
				24711135202897E200A79633 /* PSLiteralNode+JavaScript.h in Headers */,
				247111492028B6E300A79633 /* PSBinaryOperationNode+Types.h in Headers */,
				240ABDE72028F06D00543C40 /* PSControlFlowTypes.h in Headers */,
				2471113F2028AAF000A79633 /* PSREPL.h in Headers */,
				2471113A20289A6700A79633 /* PSJavaScriptInterpreter.h in Headers */,
				2471110E2027458900A79633 /* PSStringReader.h in Headers */,
				247111462028B40400A79633 /* PSBinaryOperationTypes.h in Headers */,
			);
			runOnlyForDeploymentPostprocessing = 0;
		};
/* End PBXHeadersBuildPhase section */

/* Begin PBXNativeTarget section */
		2470F0092024BA3D00AE9CD8 /* PseudoKit */ = {
			isa = PBXNativeTarget;
			buildConfigurationList = 2470F01F2024BA3D00AE9CD8 /* Build configuration list for PBXNativeTarget "PseudoKit" */;
			buildPhases = (
				2470F0052024BA3D00AE9CD8 /* Sources */,
				2470F0062024BA3D00AE9CD8 /* Frameworks */,
				2470F0072024BA3D00AE9CD8 /* Headers */,
				2470F0082024BA3D00AE9CD8 /* Resources */,
			);
			buildRules = (
			);
			dependencies = (
			);
			name = PseudoKit;
			productName = PseudoKit;
			productReference = 2470F00A2024BA3D00AE9CD8 /* PseudoKit.framework */;
			productType = "com.apple.product-type.framework";
		};
		2470F0112024BA3D00AE9CD8 /* PseudoKitTests */ = {
			isa = PBXNativeTarget;
			buildConfigurationList = 2470F0202024BA3D00AE9CD8 /* Build configuration list for PBXNativeTarget "PseudoKitTests" */;
			buildPhases = (
				2470F00E2024BA3D00AE9CD8 /* Sources */,
				2470F00F2024BA3D00AE9CD8 /* Frameworks */,
				2470F0102024BA3D00AE9CD8 /* Resources */,
			);
			buildRules = (
			);
			dependencies = (
				2470F0152024BA3D00AE9CD8 /* PBXTargetDependency */,
			);
			name = PseudoKitTests;
			productName = PseudoKitTests;
			productReference = 2470F0122024BA3D00AE9CD8 /* PseudoKitTests.xctest */;
			productType = "com.apple.product-type.bundle.unit-test";
		};
		247111652028DC9D00A79633 /* Pseudo */ = {
			isa = PBXNativeTarget;
			buildConfigurationList = 247111742028DC9D00A79633 /* Build configuration list for PBXNativeTarget "Pseudo" */;
			buildPhases = (
				247111622028DC9D00A79633 /* Sources */,
				247111632028DC9D00A79633 /* Frameworks */,
				247111642028DC9D00A79633 /* Resources */,
				240ABDCD2028DD6400543C40 /* Embed Frameworks */,
			);
			buildRules = (
			);
			dependencies = (
				240ABDCC2028DD6400543C40 /* PBXTargetDependency */,
			);
			name = Pseudo;
			productName = Pseudo;
			productReference = 247111662028DC9D00A79633 /* Pseudo.app */;
			productType = "com.apple.product-type.application";
		};
/* End PBXNativeTarget section */

/* Begin PBXProject section */
		2470EFC82023A2B800AE9CD8 /* Project object */ = {
			isa = PBXProject;
			attributes = {
				LastUpgradeCheck = 0920;
				ORGANIZATIONNAME = "Steffen Ryll";
				TargetAttributes = {
					2470F0092024BA3D00AE9CD8 = {
						CreatedOnToolsVersion = 9.2;
						ProvisioningStyle = Automatic;
					};
					2470F0112024BA3D00AE9CD8 = {
						CreatedOnToolsVersion = 9.2;
						LastSwiftMigration = 0920;
						ProvisioningStyle = Automatic;
					};
					247111652028DC9D00A79633 = {
						CreatedOnToolsVersion = 9.2;
						ProvisioningStyle = Automatic;
						SystemCapabilities = {
							com.apple.Sandbox = {
								enabled = 0;
							};
						};
					};
				};
			};
			buildConfigurationList = 2470EFCB2023A2B800AE9CD8 /* Build configuration list for PBXProject "Pseudo" */;
			compatibilityVersion = "Xcode 8.0";
			developmentRegion = en;
			hasScannedForEncodings = 0;
			knownRegions = (
				en,
				Base,
			);
			mainGroup = 2470EFC72023A2B800AE9CD8;
			productRefGroup = 2470EFD12023A2B800AE9CD8 /* Products */;
			projectDirPath = "";
			projectRoot = "";
			targets = (
				247111652028DC9D00A79633 /* Pseudo */,
				2470F0092024BA3D00AE9CD8 /* PseudoKit */,
				2470F0112024BA3D00AE9CD8 /* PseudoKitTests */,
			);
		};
/* End PBXProject section */

/* Begin PBXResourcesBuildPhase section */
		2470F0082024BA3D00AE9CD8 /* Resources */ = {
			isa = PBXResourcesBuildPhase;
			buildActionMask = 2147483647;
			files = (
			);
			runOnlyForDeploymentPostprocessing = 0;
		};
		2470F0102024BA3D00AE9CD8 /* Resources */ = {
			isa = PBXResourcesBuildPhase;
			buildActionMask = 2147483647;
			files = (
			);
			runOnlyForDeploymentPostprocessing = 0;
		};
		247111642028DC9D00A79633 /* Resources */ = {
			isa = PBXResourcesBuildPhase;
			buildActionMask = 2147483647;
			files = (
			);
			runOnlyForDeploymentPostprocessing = 0;
		};
/* End PBXResourcesBuildPhase section */

/* Begin PBXSourcesBuildPhase section */
		2470F0052024BA3D00AE9CD8 /* Sources */ = {
			isa = PBXSourcesBuildPhase;
			buildActionMask = 2147483647;
			files = (
				2421AFDF2025F8000007FC7A /* PSLiteralNode.m in Sources */,
				247111222027B60E00A79633 /* PSNode.m in Sources */,
				240ABDEB2028F06D00543C40 /* PSControlFlowNode+Types.m in Sources */,
				240ABDDF2028E3C200543C40 /* PSUnaryOperationNode+JavaScript.m in Sources */,
				240ABDD82028E21F00543C40 /* PSUnaryOperationNode+Types.m in Sources */,
				2470F0272024BA7E00AE9CD8 /* PSParser.m in Sources */,
				2470F0262024BA7800AE9CD8 /* PSToken.m in Sources */,
				2471112E2028968500A79633 /* PSNode+JavaScript.m in Sources */,
				2470F0252024BA7600AE9CD8 /* PSLexer.m in Sources */,
				2471114F2028BB0800A79633 /* PSLiteralNode+Types.m in Sources */,
				2471114A2028B6E300A79633 /* PSBinaryOperationNode+Types.m in Sources */,
				247111322028977100A79633 /* PSBinaryOperationNode+JavaScript.m in Sources */,
				2471110920273BA300A79633 /* PSToken+Types.m in Sources */,
				247111402028AAF000A79633 /* PSREPL.m in Sources */,
				2471110F2027458900A79633 /* PSStringReader.m in Sources */,
				2471111C2027B57F00A79633 /* PSBinaryOperationNode.m in Sources */,
				2421AFBE202507260007FC7A /* Constants.m in Sources */,
				240ABDE82028F06D00543C40 /* PSControlFlowNode.m in Sources */,
				240ABDD72028E21F00543C40 /* PSUnaryOperationNode.m in Sources */,
				240ABDEE2028F07600543C40 /* PSControlFlowNode+JavaScript.m in Sources */,
				24711136202897E200A79633 /* PSLiteralNode+JavaScript.m in Sources */,
				2471113B20289A6700A79633 /* PSJavaScriptInterpreter.m in Sources */,
			);
			runOnlyForDeploymentPostprocessing = 0;
		};
		2470F00E2024BA3D00AE9CD8 /* Sources */ = {
			isa = PBXSourcesBuildPhase;
			buildActionMask = 2147483647;
			files = (
				247111272028887300A79633 /* ParserTests.swift in Sources */,
				24DA62FB2024CA880087839C /* PSTokenTests.swift in Sources */,
				2470F04B2024BF2800AE9CD8 /* PSLexerTests.swift in Sources */,
				2471111320274A0800A79633 /* PSStringReaderTests.swift in Sources */,
			);
			runOnlyForDeploymentPostprocessing = 0;
		};
		247111622028DC9D00A79633 /* Sources */ = {
			isa = PBXSourcesBuildPhase;
			buildActionMask = 2147483647;
			files = (
				247111722028DC9D00A79633 /* main.m in Sources */,
			);
			runOnlyForDeploymentPostprocessing = 0;
		};
/* End PBXSourcesBuildPhase section */

/* Begin PBXTargetDependency section */
		240ABDCC2028DD6400543C40 /* PBXTargetDependency */ = {
			isa = PBXTargetDependency;
			target = 2470F0092024BA3D00AE9CD8 /* PseudoKit */;
			targetProxy = 240ABDCB2028DD6400543C40 /* PBXContainerItemProxy */;
		};
		2470F0152024BA3D00AE9CD8 /* PBXTargetDependency */ = {
			isa = PBXTargetDependency;
			target = 2470F0092024BA3D00AE9CD8 /* PseudoKit */;
			targetProxy = 2470F0142024BA3D00AE9CD8 /* PBXContainerItemProxy */;
		};
/* End PBXTargetDependency section */

/* Begin XCBuildConfiguration section */
		2470EFD52023A2B800AE9CD8 /* Debug */ = {
			isa = XCBuildConfiguration;
			buildSettings = {
				ALWAYS_SEARCH_USER_PATHS = NO;
				CLANG_ANALYZER_NONNULL = YES;
				CLANG_ANALYZER_NUMBER_OBJECT_CONVERSION = YES_AGGRESSIVE;
				CLANG_CXX_LANGUAGE_STANDARD = "gnu++14";
				CLANG_CXX_LIBRARY = "libc++";
				CLANG_ENABLE_MODULES = YES;
				CLANG_ENABLE_OBJC_ARC = YES;
				CLANG_WARN_BLOCK_CAPTURE_AUTORELEASING = YES;
				CLANG_WARN_BOOL_CONVERSION = YES;
				CLANG_WARN_COMMA = YES;
				CLANG_WARN_CONSTANT_CONVERSION = YES;
				CLANG_WARN_DIRECT_OBJC_ISA_USAGE = YES_ERROR;
				CLANG_WARN_DOCUMENTATION_COMMENTS = YES;
				CLANG_WARN_EMPTY_BODY = YES;
				CLANG_WARN_ENUM_CONVERSION = YES;
				CLANG_WARN_INFINITE_RECURSION = YES;
				CLANG_WARN_INT_CONVERSION = YES;
				CLANG_WARN_NON_LITERAL_NULL_CONVERSION = YES;
				CLANG_WARN_OBJC_LITERAL_CONVERSION = YES;
				CLANG_WARN_OBJC_ROOT_CLASS = YES_ERROR;
				CLANG_WARN_RANGE_LOOP_ANALYSIS = YES;
				CLANG_WARN_STRICT_PROTOTYPES = YES;
				CLANG_WARN_SUSPICIOUS_MOVE = YES;
				CLANG_WARN_UNGUARDED_AVAILABILITY = YES_AGGRESSIVE;
				CLANG_WARN_UNREACHABLE_CODE = YES;
				CLANG_WARN__DUPLICATE_METHOD_MATCH = YES;
				CODE_SIGN_IDENTITY = "Mac Developer";
				COPY_PHASE_STRIP = NO;
				DEBUG_INFORMATION_FORMAT = dwarf;
				ENABLE_STRICT_OBJC_MSGSEND = YES;
				ENABLE_TESTABILITY = YES;
				GCC_C_LANGUAGE_STANDARD = gnu11;
				GCC_DYNAMIC_NO_PIC = NO;
				GCC_NO_COMMON_BLOCKS = YES;
				GCC_OPTIMIZATION_LEVEL = 0;
				GCC_PREPROCESSOR_DEFINITIONS = (
					"DEBUG=1",
					"$(inherited)",
				);
				GCC_WARN_64_TO_32_BIT_CONVERSION = YES;
				GCC_WARN_ABOUT_RETURN_TYPE = YES_ERROR;
				GCC_WARN_UNDECLARED_SELECTOR = YES;
				GCC_WARN_UNINITIALIZED_AUTOS = YES_AGGRESSIVE;
				GCC_WARN_UNUSED_FUNCTION = YES;
				GCC_WARN_UNUSED_VARIABLE = YES;
				MACOSX_DEPLOYMENT_TARGET = 10.13;
				MTL_ENABLE_DEBUG_INFO = YES;
				ONLY_ACTIVE_ARCH = YES;
				SDKROOT = macosx;
			};
			name = Debug;
		};
		2470EFD62023A2B800AE9CD8 /* Release */ = {
			isa = XCBuildConfiguration;
			buildSettings = {
				ALWAYS_SEARCH_USER_PATHS = NO;
				CLANG_ANALYZER_NONNULL = YES;
				CLANG_ANALYZER_NUMBER_OBJECT_CONVERSION = YES_AGGRESSIVE;
				CLANG_CXX_LANGUAGE_STANDARD = "gnu++14";
				CLANG_CXX_LIBRARY = "libc++";
				CLANG_ENABLE_MODULES = YES;
				CLANG_ENABLE_OBJC_ARC = YES;
				CLANG_WARN_BLOCK_CAPTURE_AUTORELEASING = YES;
				CLANG_WARN_BOOL_CONVERSION = YES;
				CLANG_WARN_COMMA = YES;
				CLANG_WARN_CONSTANT_CONVERSION = YES;
				CLANG_WARN_DIRECT_OBJC_ISA_USAGE = YES_ERROR;
				CLANG_WARN_DOCUMENTATION_COMMENTS = YES;
				CLANG_WARN_EMPTY_BODY = YES;
				CLANG_WARN_ENUM_CONVERSION = YES;
				CLANG_WARN_INFINITE_RECURSION = YES;
				CLANG_WARN_INT_CONVERSION = YES;
				CLANG_WARN_NON_LITERAL_NULL_CONVERSION = YES;
				CLANG_WARN_OBJC_LITERAL_CONVERSION = YES;
				CLANG_WARN_OBJC_ROOT_CLASS = YES_ERROR;
				CLANG_WARN_RANGE_LOOP_ANALYSIS = YES;
				CLANG_WARN_STRICT_PROTOTYPES = YES;
				CLANG_WARN_SUSPICIOUS_MOVE = YES;
				CLANG_WARN_UNGUARDED_AVAILABILITY = YES_AGGRESSIVE;
				CLANG_WARN_UNREACHABLE_CODE = YES;
				CLANG_WARN__DUPLICATE_METHOD_MATCH = YES;
				CODE_SIGN_IDENTITY = "Mac Developer";
				COPY_PHASE_STRIP = NO;
				DEBUG_INFORMATION_FORMAT = "dwarf-with-dsym";
				ENABLE_NS_ASSERTIONS = NO;
				ENABLE_STRICT_OBJC_MSGSEND = YES;
				GCC_C_LANGUAGE_STANDARD = gnu11;
				GCC_NO_COMMON_BLOCKS = YES;
				GCC_WARN_64_TO_32_BIT_CONVERSION = YES;
				GCC_WARN_ABOUT_RETURN_TYPE = YES_ERROR;
				GCC_WARN_UNDECLARED_SELECTOR = YES;
				GCC_WARN_UNINITIALIZED_AUTOS = YES_AGGRESSIVE;
				GCC_WARN_UNUSED_FUNCTION = YES;
				GCC_WARN_UNUSED_VARIABLE = YES;
				MACOSX_DEPLOYMENT_TARGET = 10.13;
				MTL_ENABLE_DEBUG_INFO = NO;
				SDKROOT = macosx;
			};
			name = Release;
		};
		2470F01B2024BA3D00AE9CD8 /* Debug */ = {
			isa = XCBuildConfiguration;
			buildSettings = {
				CODE_SIGN_IDENTITY = "";
				CODE_SIGN_STYLE = Automatic;
				COMBINE_HIDPI_IMAGES = YES;
				CURRENT_PROJECT_VERSION = 1;
				DEFINES_MODULE = YES;
				DEVELOPMENT_TEAM = X63VKA93X8;
				DYLIB_COMPATIBILITY_VERSION = 1;
				DYLIB_CURRENT_VERSION = 1;
				DYLIB_INSTALL_NAME_BASE = "@rpath";
				FRAMEWORK_VERSION = A;
				INFOPLIST_FILE = PseudoKit/Info.plist;
				INSTALL_PATH = "$(LOCAL_LIBRARY_DIR)/Frameworks";
				LD_RUNPATH_SEARCH_PATHS = "$(inherited) @executable_path/../Frameworks @loader_path/Frameworks";
				PRODUCT_BUNDLE_IDENTIFIER = SteffenRyll.PseudoKit;
				PRODUCT_NAME = "$(TARGET_NAME:c99extidentifier)";
				SKIP_INSTALL = YES;
				VERSIONING_SYSTEM = "apple-generic";
				VERSION_INFO_PREFIX = "";
			};
			name = Debug;
		};
		2470F01C2024BA3D00AE9CD8 /* Release */ = {
			isa = XCBuildConfiguration;
			buildSettings = {
				CODE_SIGN_IDENTITY = "";
				CODE_SIGN_STYLE = Automatic;
				COMBINE_HIDPI_IMAGES = YES;
				CURRENT_PROJECT_VERSION = 1;
				DEFINES_MODULE = YES;
				DEVELOPMENT_TEAM = X63VKA93X8;
				DYLIB_COMPATIBILITY_VERSION = 1;
				DYLIB_CURRENT_VERSION = 1;
				DYLIB_INSTALL_NAME_BASE = "@rpath";
				FRAMEWORK_VERSION = A;
				INFOPLIST_FILE = PseudoKit/Info.plist;
				INSTALL_PATH = "$(LOCAL_LIBRARY_DIR)/Frameworks";
				LD_RUNPATH_SEARCH_PATHS = "$(inherited) @executable_path/../Frameworks @loader_path/Frameworks";
				PRODUCT_BUNDLE_IDENTIFIER = SteffenRyll.PseudoKit;
				PRODUCT_NAME = "$(TARGET_NAME:c99extidentifier)";
				SKIP_INSTALL = YES;
				VERSIONING_SYSTEM = "apple-generic";
				VERSION_INFO_PREFIX = "";
			};
			name = Release;
		};
		2470F01D2024BA3D00AE9CD8 /* Debug */ = {
			isa = XCBuildConfiguration;
			buildSettings = {
				CLANG_ENABLE_MODULES = YES;
				CODE_SIGN_STYLE = Automatic;
				COMBINE_HIDPI_IMAGES = YES;
				DEVELOPMENT_TEAM = X63VKA93X8;
				INFOPLIST_FILE = PseudoKitTests/Info.plist;
				LD_RUNPATH_SEARCH_PATHS = "$(inherited) @executable_path/../Frameworks @loader_path/../Frameworks";
				PRODUCT_BUNDLE_IDENTIFIER = SteffenRyll.PseudoKitTests;
				PRODUCT_NAME = "$(TARGET_NAME)";
				SWIFT_OBJC_BRIDGING_HEADER = "PseudoKitTests/PseudoKitTests-Bridging-Header.h";
				SWIFT_OPTIMIZATION_LEVEL = "-Onone";
				SWIFT_VERSION = 3.0;
			};
			name = Debug;
		};
		2470F01E2024BA3D00AE9CD8 /* Release */ = {
			isa = XCBuildConfiguration;
			buildSettings = {
				CLANG_ENABLE_MODULES = YES;
				CODE_SIGN_STYLE = Automatic;
				COMBINE_HIDPI_IMAGES = YES;
				DEVELOPMENT_TEAM = X63VKA93X8;
				INFOPLIST_FILE = PseudoKitTests/Info.plist;
				LD_RUNPATH_SEARCH_PATHS = "$(inherited) @executable_path/../Frameworks @loader_path/../Frameworks";
				PRODUCT_BUNDLE_IDENTIFIER = SteffenRyll.PseudoKitTests;
				PRODUCT_NAME = "$(TARGET_NAME)";
				SWIFT_OBJC_BRIDGING_HEADER = "PseudoKitTests/PseudoKitTests-Bridging-Header.h";
				SWIFT_VERSION = 3.0;
			};
			name = Release;
		};
		247111752028DC9D00A79633 /* Debug */ = {
			isa = XCBuildConfiguration;
			buildSettings = {
				CODE_SIGN_STYLE = Automatic;
				COMBINE_HIDPI_IMAGES = YES;
				DEVELOPMENT_TEAM = X63VKA93X8;
				INFOPLIST_FILE = Pseudo/Info.plist;
				LD_RUNPATH_SEARCH_PATHS = "$(inherited) @executable_path/../Frameworks";
				PRODUCT_BUNDLE_IDENTIFIER = SteffenRyll.Pseudo;
				PRODUCT_NAME = "$(TARGET_NAME)";
			};
			name = Debug;
		};
		247111762028DC9D00A79633 /* Release */ = {
			isa = XCBuildConfiguration;
			buildSettings = {
				CODE_SIGN_STYLE = Automatic;
				COMBINE_HIDPI_IMAGES = YES;
				DEVELOPMENT_TEAM = X63VKA93X8;
				INFOPLIST_FILE = Pseudo/Info.plist;
				LD_RUNPATH_SEARCH_PATHS = "$(inherited) @executable_path/../Frameworks";
				PRODUCT_BUNDLE_IDENTIFIER = SteffenRyll.Pseudo;
				PRODUCT_NAME = "$(TARGET_NAME)";
			};
			name = Release;
		};
/* End XCBuildConfiguration section */

/* Begin XCConfigurationList section */
		2470EFCB2023A2B800AE9CD8 /* Build configuration list for PBXProject "Pseudo" */ = {
			isa = XCConfigurationList;
			buildConfigurations = (
				2470EFD52023A2B800AE9CD8 /* Debug */,
				2470EFD62023A2B800AE9CD8 /* Release */,
			);
			defaultConfigurationIsVisible = 0;
			defaultConfigurationName = Release;
		};
		2470F01F2024BA3D00AE9CD8 /* Build configuration list for PBXNativeTarget "PseudoKit" */ = {
			isa = XCConfigurationList;
			buildConfigurations = (
				2470F01B2024BA3D00AE9CD8 /* Debug */,
				2470F01C2024BA3D00AE9CD8 /* Release */,
			);
			defaultConfigurationIsVisible = 0;
			defaultConfigurationName = Release;
		};
		2470F0202024BA3D00AE9CD8 /* Build configuration list for PBXNativeTarget "PseudoKitTests" */ = {
			isa = XCConfigurationList;
			buildConfigurations = (
				2470F01D2024BA3D00AE9CD8 /* Debug */,
				2470F01E2024BA3D00AE9CD8 /* Release */,
			);
			defaultConfigurationIsVisible = 0;
			defaultConfigurationName = Release;
		};
		247111742028DC9D00A79633 /* Build configuration list for PBXNativeTarget "Pseudo" */ = {
			isa = XCConfigurationList;
			buildConfigurations = (
				247111752028DC9D00A79633 /* Debug */,
				247111762028DC9D00A79633 /* Release */,
			);
			defaultConfigurationIsVisible = 0;
			defaultConfigurationName = Release;
		};
/* End XCConfigurationList section */
	};
	rootObject = 2470EFC82023A2B800AE9CD8 /* Project object */;
}
